
Microsoft Visual Studio Solution File, Format Version 12.00
# Visual Studio Version 17
VisualStudioVersion = 17.6.33815.320
MinimumVisualStudioVersion = 10.0.40219.1
Project("{8BC9CEB8-8B4A-11D0-8D11-00A0C91BC942}") = "Big_Project_C", "Big_Project_C\Big_Project_C.vcxproj", "{9FFE7607-785A-43D8-9EFD-9E23B852AAA8}"
EndProject
Project("{8BC9CEB8-8B4A-11D0-8D11-00A0C91BC942}") = "002_include", "002_include\002_include.vcxproj", "{EF25F473-4DB1-424F-9387-CAC2FF16D98D}"
EndProject
Project("{8BC9CEB8-8B4A-11D0-8D11-00A0C91BC942}") = "003_Escape", "003_Escape\003_Escape.vcxproj", "{392EE107-911B-46CB-ADF8-E55A85339585}"
EndProject
Project("{8BC9CEB8-8B4A-11D0-8D11-00A0C91BC942}") = "004_data_type", "004_data_type\004_data_type.vcxproj", "{C507146D-863A-42ED-904B-5F9BA48224D6}"
EndProject
Project("{8BC9CEB8-8B4A-11D0-8D11-00A0C91BC942}") = "005_variabl", "005_variabl\005_variabl.vcxproj", "{3C6200D3-F669-413B-A947-4FD0E74299B2}"
EndProject
Project("{8BC9CEB8-8B4A-11D0-8D11-00A0C91BC942}") = "006_const", "006_const\006_const.vcxproj", "{63810BDB-7C48-4C71-AE77-306E8791ECAF}"
EndProject
Project("{8BC9CEB8-8B4A-11D0-8D11-00A0C91BC942}") = "007_cin_cout", "007_cin_cout\007_cin_cout.vcxproj", "{FD2B448E-90D7-4D53-8CF9-D1C137E20239}"
EndProject
Project("{8BC9CEB8-8B4A-11D0-8D11-00A0C91BC942}") = "008_Operators", "008_Operators\008_Operators.vcxproj", "{1448E635-26FE-43B1-BEA8-8F01B54D77C8}"
EndProject
Project("{8BC9CEB8-8B4A-11D0-8D11-00A0C91BC942}") = "009_inc_decr", "009_inc_decr\009_inc_decr.vcxproj", "{A228320A-42E6-421A-9B35-89D2674C042F}"
EndProject
Project("{8BC9CEB8-8B4A-11D0-8D11-00A0C91BC942}") = "011_bool", "011_bool\011_bool.vcxproj", "{685F7C22-CBD7-449F-996E-7900B03A09C6}"
EndProject
Project("{8BC9CEB8-8B4A-11D0-8D11-00A0C91BC942}") = "012_if_else", "012_if_else\012_if_else.vcxproj", "{25CBBBF1-A6BF-496B-91FD-DD6834AFF5BC}"
EndProject
Project("{8BC9CEB8-8B4A-11D0-8D11-00A0C91BC942}") = "013_switch", "013_switch\013_switch.vcxproj", "{6202B1DA-EBB6-47C7-B54D-B39994C83FB5}"
EndProject
Project("{8BC9CEB8-8B4A-11D0-8D11-00A0C91BC942}") = "014_while", "014_while\014_while.vcxproj", "{8A7C5BE7-D17D-41FE-BB1F-B570087E7255}"
EndProject
Project("{8BC9CEB8-8B4A-11D0-8D11-00A0C91BC942}") = "015_for", "015_for\015_for.vcxproj", "{66BD49CA-EA33-4973-82B5-06D8A0AF3B45}"
EndProject
Project("{8BC9CEB8-8B4A-11D0-8D11-00A0C91BC942}") = "024_for_for", "024_for_for\024_for_for.vcxproj", "{2E63BC5E-95A0-4815-B514-9100088FBE8A}"
EndProject
Project("{8BC9CEB8-8B4A-11D0-8D11-00A0C91BC942}") = "025-027_Array", "025-027_Array\025-027_Array.vcxproj", "{19AADD3C-5068-42DC-82CC-0E1C01EFCE34}"
EndProject
Project("{8BC9CEB8-8B4A-11D0-8D11-00A0C91BC942}") = "028_sizeof", "028_sizeof\028_sizeof.vcxproj", "{021B0F89-645B-433B-90D9-A9AEE78976D2}"
EndProject
Project("{8BC9CEB8-8B4A-11D0-8D11-00A0C91BC942}") = "029_rand_srand", "029_rand_srand\029_rand_srand.vcxproj", "{85E9D982-E7B8-4E1A-8BCF-8A6C4DB584BB}"
EndProject
Project("{8BC9CEB8-8B4A-11D0-8D11-00A0C91BC942}") = "030_Array2D", "030_Array2D\030_Array2D.vcxproj", "{E609DEF5-AA84-426D-B7B8-453B02EAD5EB}"
EndProject
Project("{8BC9CEB8-8B4A-11D0-8D11-00A0C91BC942}") = "031_Array2D_initilization", "031_Array2D_initilization\031_Array2D_initilization.vcxproj", "{1A476841-5B63-430D-B454-72EE34067FE5}"
EndProject
Project("{8BC9CEB8-8B4A-11D0-8D11-00A0C91BC942}") = "033_functions", "033_functions\033_functions.vcxproj", "{124FAB7B-2BEC-4F93-B124-C2DC37A4ACE8}"
EndProject
Project("{8BC9CEB8-8B4A-11D0-8D11-00A0C91BC942}") = "035_Functions_array", "035_Functions_array\035_Functions_array.vcxproj", "{E6527DDC-5B3D-40C1-B527-150A5D32C230}"
EndProject
Project("{8BC9CEB8-8B4A-11D0-8D11-00A0C91BC942}") = "036_prototyp", "036_prototyp\036_prototyp.vcxproj", "{D6604310-0388-48C6-974E-493781999DA7}"
EndProject
Project("{8BC9CEB8-8B4A-11D0-8D11-00A0C91BC942}") = "037_Area_Of_Visibility", "037_Area_Of_Visibility\037_Area_Of_Visibility.vcxproj", "{3B9A4A29-5AF6-411F-9A18-977052EED21C}"
EndProject
Project("{8BC9CEB8-8B4A-11D0-8D11-00A0C91BC942}") = "039_inline", "039_inline\039_inline.vcxproj", "{BEC25B95-7E3C-4A87-A1D2-91FA03342F27}"
EndProject
Project("{8BC9CEB8-8B4A-11D0-8D11-00A0C91BC942}") = "040_Overload_Functionc", "040_Overload_Functionc\040_Overload_Functionc.vcxproj", "{BB91B3E8-AA7D-4546-9DCC-4EF5BFF050AA}"
EndProject
Project("{8BC9CEB8-8B4A-11D0-8D11-00A0C91BC942}") = "041_template", "041_template\041_template.vcxproj", "{9C8CBA2B-693B-4D24-8C5F-E63B98041BCF}"
EndProject
Project("{8BC9CEB8-8B4A-11D0-8D11-00A0C91BC942}") = "042_stack", "042_stack\042_stack.vcxproj", "{B8A4AAFA-E67B-45AD-B5C1-9CA85C214728}"
EndProject
Project("{8BC9CEB8-8B4A-11D0-8D11-00A0C91BC942}") = "043_recursion", "043_recursion\043_recursion.vcxproj", "{180E2710-C6BC-428F-9E0B-5423EDC6F2B9}"
EndProject
Project("{8BC9CEB8-8B4A-11D0-8D11-00A0C91BC942}") = "044_recursion_factorial", "044_recursion_factorial\044_recursion_factorial.vcxproj", "{475BB12E-0AD7-49C7-9165-3528DF20BBC4}"
EndProject
Project("{8BC9CEB8-8B4A-11D0-8D11-00A0C91BC942}") = "045_Dynamic_Memory", "045_Dynamic_Memory\045_Dynamic_Memory.vcxproj", "{CD0B4885-5FF7-4FA5-A4BE-28E8DB85995F}"
EndProject
Project("{8BC9CEB8-8B4A-11D0-8D11-00A0C91BC942}") = "046_Pointer", "046_Pointer\046_Pointer.vcxproj", "{33941EC8-97AC-4E5A-823F-78EA9AA50C4E}"
EndProject
Project("{8BC9CEB8-8B4A-11D0-8D11-00A0C91BC942}") = "047_Arithmetic_Pointer", "047_Arithmetic_Pointer\047_Arithmetic_Pointer.vcxproj", "{B2E48248-67C0-453D-AB1D-C9287398744A}"
EndProject
Project("{8BC9CEB8-8B4A-11D0-8D11-00A0C91BC942}") = "048_Pointer_To_Function", "048_Pointer_To_Function\048_Pointer_To_Function.vcxproj", "{E10F4E73-8A73-4F85-A7C3-44524E7027EC}"
EndProject
Project("{8BC9CEB8-8B4A-11D0-8D11-00A0C91BC942}") = "050_Reference", "050_Reference\050_Reference.vcxproj", "{B37C6AB9-D9C5-4983-B6E6-813C75C9CBF4}"
EndProject
Project("{8BC9CEB8-8B4A-11D0-8D11-00A0C91BC942}") = "051_Referenc_Parametr", "051_Referenc_Parametr\051_Referenc_Parametr.vcxproj", "{7C4316B8-CDE5-4D60-AD80-92FFA8DD4D6F}"
EndProject
Project("{8BC9CEB8-8B4A-11D0-8D11-00A0C91BC942}") = "052_Return_Multiple_Values_Referenc", "052_Return_Multiple_Values_Referenc\052_Return_Multiple_Values_Referenc.vcxproj", "{B3AE56B5-4584-42E8-A515-42AA6A63E5CB}"
EndProject
Project("{8BC9CEB8-8B4A-11D0-8D11-00A0C91BC942}") = "053_New_Delete", "053_New_Delete\053_New_Delete.vcxproj", "{3E436A2B-DCDB-461B-80F9-8E4555B6FEDD}"
EndProject
Project("{8BC9CEB8-8B4A-11D0-8D11-00A0C91BC942}") = "054_Null_Pointer", "054_Null_Pointer\054_Null_Pointer.vcxproj", "{263AB37E-1F69-4F16-A24E-060D19EE9115}"
EndProject
Project("{8BC9CEB8-8B4A-11D0-8D11-00A0C91BC942}") = "055_Dynamic_Array", "055_Dynamic_Array\055_Dynamic_Array.vcxproj", "{EA785FB6-70D3-43B1-9CF5-A5A35F9EDBEF}"
EndProject
Project("{8BC9CEB8-8B4A-11D0-8D11-00A0C91BC942}") = "056_Two_Dynamic_Array", "056_Two_Dynamic_Array\056_Two_Dynamic_Array.vcxproj", "{B48F3481-E4EC-4D90-888A-8F0B8553F7E6}"
EndProject
Project("{8BC9CEB8-8B4A-11D0-8D11-00A0C91BC942}") = "057_Constant_Pointer", "057_Constant_Pointer\057_Constant_Pointer.vcxproj", "{F4CC6669-0C8F-4E6C-9565-13E2178D5E7B}"
EndProject
Project("{8BC9CEB8-8B4A-11D0-8D11-00A0C91BC942}") = "058_Copy_Array", "058_Copy_Array\058_Copy_Array.vcxproj", "{92041E06-D757-4877-A7AC-46569D279709}"
EndProject
Project("{8BC9CEB8-8B4A-11D0-8D11-00A0C91BC942}") = "059_Resize_Add_Delete", "059_Resize_Add_Delete\059_Resize_Add_Delete.vcxproj", "{9772EBAB-D4EB-4445-AA9C-2FC4D2B37D5A}"
EndProject
Project("{8BC9CEB8-8B4A-11D0-8D11-00A0C91BC942}") = "060_String_Null_Terminator", "060_String_Null_Terminator\060_String_Null_Terminator.vcxproj", "{04C38A02-7A0E-442C-BB7E-CFE92A9BF0C4}"
EndProject
Project("{8BC9CEB8-8B4A-11D0-8D11-00A0C91BC942}") = "061_Ghost_Types", "061_Ghost_Types\061_Ghost_Types.vcxproj", "{D5AEFBFD-1FB5-4A25-B853-DF2CE75632EB}"
EndProject
Project("{8BC9CEB8-8B4A-11D0-8D11-00A0C91BC942}") = "062_ASCI", "062_ASCI\062_ASCI.vcxproj", "{E27B60BD-B346-4ACA-ACB0-C82071D38D49}"
EndProject
Project("{8BC9CEB8-8B4A-11D0-8D11-00A0C91BC942}") = "063_Point_Symbol", "063_Point_Symbol\063_Point_Symbol.vcxproj", "{4DF6D26C-F712-4C0A-AEC1-0D814D9332E6}"
EndProject
Project("{8BC9CEB8-8B4A-11D0-8D11-00A0C91BC942}") = "064_String_Concatenation", "064_String_Concatenation\064_String_Concatenation.vcxproj", "{D40BF618-E9F7-4CCD-BF66-B2DFB80119E2}"
EndProject
Project("{8BC9CEB8-8B4A-11D0-8D11-00A0C91BC942}") = "065_Pointer_Functions", "065_Pointer_Functions\065_Pointer_Functions.vcxproj", "{F9CC26EE-8DD6-4559-B0C3-271BB7F4E5C8}"
EndProject
Project("{8BC9CEB8-8B4A-11D0-8D11-00A0C91BC942}") = "066_Define_Preprocessor", "066_Define_Preprocessor\066_Define_Preprocessor.vcxproj", "{8C8330D8-2C88-4627-B9F2-A8F1E5E85363}"
EndProject
Project("{8BC9CEB8-8B4A-11D0-8D11-00A0C91BC942}") = "067_Macros", "067_Macros\067_Macros.vcxproj", "{DD5C2C1E-E1AB-4D57-A21B-AE927344B8EF}"
EndProject
Project("{8BC9CEB8-8B4A-11D0-8D11-00A0C91BC942}") = "068_#ifdef#else#endif#if#elif", "068_#ifdef#else#endif#if#elif\068_#ifdef#else#endif#if#elif.vcxproj", "{98DEF77E-C252-4156-9B08-468F2397394C}"
EndProject
Project("{8BC9CEB8-8B4A-11D0-8D11-00A0C91BC942}") = "069_Ternary_Operator", "069_Ternary_Operator\069_Ternary_Operator.vcxproj", "{10D9467D-EE43-4C52-9F04-79AD4B4075A6}"
EndProject
Project("{8BC9CEB8-8B4A-11D0-8D11-00A0C91BC942}") = "070_argc_argv", "070_argc_argv\070_argc_argv.vcxproj", "{1F3A1A9B-D8D1-4F08-BB6D-E0DDF3A494D3}"
EndProject
Project("{8BC9CEB8-8B4A-11D0-8D11-00A0C91BC942}") = "071_int_main_void_main", "071_int_main_void_main\071_int_main_void_main.vcxproj", "{2C9C3006-7449-420D-9D44-2B1A16981FF5}"
EndProject
Project("{8BC9CEB8-8B4A-11D0-8D11-00A0C91BC942}") = "072_OOP", "072_OOP\072_OOP.vcxproj", "{66F6ECFA-030D-4AC2-BB11-827791AE0B41}"
EndProject
Project("{8BC9CEB8-8B4A-11D0-8D11-00A0C91BC942}") = "073_What_Class", "073_What_Class\073_What_Class.vcxproj", "{FF27026D-6AAB-4CD3-871D-DE3F9D870CFC}"
EndProject
Project("{8BC9CEB8-8B4A-11D0-8D11-00A0C91BC942}") = "074_method", "074_method\074_method.vcxproj", "{B867AE97-F4AD-4079-9F07-E4B3FFC8604F}"
EndProject
Project("{8BC9CEB8-8B4A-11D0-8D11-00A0C91BC942}") = "075_Mod_Dostup", "075_Mod_Dostup\075_Mod_Dostup.vcxproj", "{D9A5FDF9-9C09-402E-9EBD-3C869509D69E}"
EndProject
Project("{8BC9CEB8-8B4A-11D0-8D11-00A0C91BC942}") = "076_Get_Set", "076_Get_Set\076_Get_Set.vcxproj", "{007B6F65-EA77-42DA-8D11-643A28BB2E4C}"
EndProject
Project("{8BC9CEB8-8B4A-11D0-8D11-00A0C91BC942}") = "077_encapsulation", "077_encapsulation\077_encapsulation.vcxproj", "{F4E00391-22C8-4A5D-8388-A52C9F7C6A9B}"
EndProject
Project("{8BC9CEB8-8B4A-11D0-8D11-00A0C91BC942}") = "078_Constructor", "078_Constructor\078_Constructor.vcxproj", "{520F2719-BCB4-4EE3-BD8A-9D229396BB15}"
EndProject
Project("{8BC9CEB8-8B4A-11D0-8D11-00A0C91BC942}") = "079_Overload_Construct", "079_Overload_Construct\079_Overload_Construct.vcxproj", "{CD0D90B1-3613-438E-954D-BF761ACF12E0}"
EndProject
Project("{8BC9CEB8-8B4A-11D0-8D11-00A0C91BC942}") = "080_destructor", "080_destructor\080_destructor.vcxproj", "{D83B0E25-EBEF-4D3F-AB6E-BE4A152407F2}"
EndProject
Project("{8BC9CEB8-8B4A-11D0-8D11-00A0C91BC942}") = "081_this", "081_this\081_this.vcxproj", "{8AA657A0-719C-4405-96A1-0C0F62C9B1B1}"
EndProject
Project("{8BC9CEB8-8B4A-11D0-8D11-00A0C91BC942}") = "082_Copy_Constructor", "082_Copy_Constructor\082_Copy_Constructor.vcxproj", "{B2E388E4-1424-434D-A908-6615EBD563EB}"
EndProject
Project("{8BC9CEB8-8B4A-11D0-8D11-00A0C91BC942}") = "083_Overload_=equals", "083_Overload_=equals\083_Overload_=equals.vcxproj", "{42777EFD-50A5-462C-9C66-D7526B557155}"
EndProject
Project("{8BC9CEB8-8B4A-11D0-8D11-00A0C91BC942}") = "084_overload_=_!=", "084_overload_=_!=\084_overload_=_!=.vcxproj", "{E5211B18-F558-42FD-A115-F2B03D0C5CFD}"
EndProject
Project("{8BC9CEB8-8B4A-11D0-8D11-00A0C91BC942}") = "085_overload_operator_+addition", "085_overload_operator_+addition\085_overload_operator_+addition.vcxproj", "{B7747D6E-8FE1-442E-84EE-B7FF0A4489AF}"
EndProject
Project("{8BC9CEB8-8B4A-11D0-8D11-00A0C91BC942}") = "086_overload_inc_dec", "086_overload_inc_dec\086_overload_inc_dec.vcxproj", "{1F324851-7715-47DD-B939-70B27E26786E}"
EndProject
Project("{8BC9CEB8-8B4A-11D0-8D11-00A0C91BC942}") = "087_overload_[]", "087_overload_[]\087_overload_[].vcxproj", "{4433E67F-DE4D-4D56-88F8-8A4D244C3BA1}"
EndProject
Project("{8BC9CEB8-8B4A-11D0-8D11-00A0C91BC942}") = "088_friend_functions", "088_friend_functions\088_friend_functions.vcxproj", "{27B3E0F1-6D6E-4F7B-AE1C-7049A816B7AD}"
EndProject
Project("{8BC9CEB8-8B4A-11D0-8D11-00A0C91BC942}") = "089_difinet_method_in_no_class", "089_difinet_method_in_no_class\089_difinet_method_in_no_class.vcxproj", "{F3EF1374-9A9D-4EC8-96B6-6019CBBF1C9A}"
EndProject
Project("{8BC9CEB8-8B4A-11D0-8D11-00A0C91BC942}") = "090_friend_method", "090_friend_method\090_friend_method.vcxproj", "{9F127302-FD0B-4467-BFAC-56921B45515D}"
EndProject
Project("{8BC9CEB8-8B4A-11D0-8D11-00A0C91BC942}") = "091_friend_class", "091_friend_class\091_friend_class.vcxproj", "{209888E7-FD15-4F60-A55A-1E541FD0D0DB}"
EndProject
Project("{8BC9CEB8-8B4A-11D0-8D11-00A0C91BC942}") = "092_Static", "092_Static\092_Static.vcxproj", "{78E86B38-84FB-411C-8689-658148DA002E}"
EndProject
Project("{8BC9CEB8-8B4A-11D0-8D11-00A0C91BC942}") = "093_id_Generator", "093_id_Generator\093_id_Generator.vcxproj", "{2D7B5886-1C8C-4E69-87D1-F46AD164D065}"
EndProject
Project("{8BC9CEB8-8B4A-11D0-8D11-00A0C91BC942}") = "094_Static_Method", "094_Static_Method\094_Static_Method.vcxproj", "{1A9216D2-FCDD-40E8-B065-F2E3A1374445}"
EndProject
Project("{8BC9CEB8-8B4A-11D0-8D11-00A0C91BC942}") = "095_inner_class", "095_inner_class\095_inner_class.vcxproj", "{72E08D56-1DAC-486D-A8E5-F31BB3969594}"
EndProject
Project("{8BC9CEB8-8B4A-11D0-8D11-00A0C91BC942}") = "096_Array_object_class", "096_Array_object_class\096_Array_object_class.vcxproj", "{9A409AD0-6820-4913-AF6C-EF1C868B3381}"
EndProject
Project("{8BC9CEB8-8B4A-11D0-8D11-00A0C91BC942}") = "097_Agregacia", "097_Agregacia\097_Agregacia.vcxproj", "{DCFD2ACA-59E6-49CA-A6CF-614D0089B7BB}"
EndProject
Project("{8BC9CEB8-8B4A-11D0-8D11-00A0C91BC942}") = "098_Nasledovanie", "098_Nasledovanie\098_Nasledovanie.vcxproj", "{9BB8523C-14DA-4A8D-BE7D-D716EC643B8D}"
EndProject
Project("{8BC9CEB8-8B4A-11D0-8D11-00A0C91BC942}") = "099_Mod_Dostup", "099_Mod_Dostup\099_Mod_Dostup.vcxproj", "{BDEE8C1C-3BCC-43AD-AF39-85CC63D736F2}"
EndProject
Project("{8BC9CEB8-8B4A-11D0-8D11-00A0C91BC942}") = "100_Poryadoc_vizova_construct", "100_Poryadoc_vizova_construct\100_Poryadoc_vizova_construct.vcxproj", "{39191DE1-1DBB-448D-9C80-60086BCC5FE7}"
EndProject
Project("{8BC9CEB8-8B4A-11D0-8D11-00A0C91BC942}") = "101_Porydok_vizova_destructor", "101_Porydok_vizova_destructor\101_Porydok_vizova_destructor.vcxproj", "{01CFE053-3D17-42C6-9761-839028003FAD}"
EndProject
Project("{8BC9CEB8-8B4A-11D0-8D11-00A0C91BC942}") = "102_Vizov_constructor_base_class", "102_Vizov_constructor_base_class\102_Vizov_constructor_base_class.vcxproj", "{26933EFD-2C0E-4031-BDD3-67C1C4EDBFDC}"
EndProject
Project("{8BC9CEB8-8B4A-11D0-8D11-00A0C91BC942}") = "103_virtual_method_class", "103_virtual_method_class\103_virtual_method_class.vcxproj", "{419A578D-0AEE-4E06-99C0-6A2DF4FCF2F7}"
EndProject
Project("{8BC9CEB8-8B4A-11D0-8D11-00A0C91BC942}") = "104_abstruct_class_virtual_method", "104_abstruct_class_virtual_method\104_abstruct_class_virtual_method.vcxproj", "{DEF9BD5E-EB29-4DB1-92F3-007024036C89}"
EndProject
Project("{8BC9CEB8-8B4A-11D0-8D11-00A0C91BC942}") = "105_Virtual_distructor", "105_Virtual_distructor\105_Virtual_distructor.vcxproj", "{ED8809E8-18D8-46B3-A9F3-374081C17B0C}"
EndProject
Project("{8BC9CEB8-8B4A-11D0-8D11-00A0C91BC942}") = "106_purely_virtual_destructor", "106_purely_virtual_destructor\106_purely_virtual_destructor.vcxproj", "{35020AC0-46D9-4A83-9D5F-322E8102C8E5}"
EndProject
Project("{8BC9CEB8-8B4A-11D0-8D11-00A0C91BC942}") = "107_Deligiruchii_constructor", "107_Deligiruchii_constructor\107_Deligiruchii_constructor.vcxproj", "{D5D965DB-F368-46C1-810E-D189A5084F96}"
EndProject
Project("{8BC9CEB8-8B4A-11D0-8D11-00A0C91BC942}") = "108_Virtual_method_Base_class", "108_Virtual_method_Base_class\108_Virtual_method_Base_class.vcxproj", "{25F66D07-6A29-4E49-9BDD-8C8A7507E262}"
EndProject
Project("{8BC9CEB8-8B4A-11D0-8D11-00A0C91BC942}") = "109_Mnojestvenoe_Nasledovanie", "109_Mnojestvenoe_Nasledovanie\109_Mnojestvenoe_Nasledovanie.vcxproj", "{E0771B41-8A72-45ED-BAC6-38076DEC0F3B}"
EndProject
Project("{8BC9CEB8-8B4A-11D0-8D11-00A0C91BC942}") = "110_Porydoc_vizova_constructor", "110_Porydoc_vizova_constructor\110_Porydoc_vizova_constructor.vcxproj", "{772F5104-0405-4D5E-BD2E-55ADCEFB41F1}"
EndProject
Project("{8BC9CEB8-8B4A-11D0-8D11-00A0C91BC942}") = "111_Porydoc_vizova_Destructor", "111_Porydoc_vizova_Destructor\111_Porydoc_vizova_Destructor.vcxproj", "{254BF207-1BE0-438B-8988-A123E1266B09}"
EndProject
Project("{8BC9CEB8-8B4A-11D0-8D11-00A0C91BC942}") = "112_Mnojistvo_Nasledovanie", "112_Mnojistvo_Nasledovanie\112_Mnojistvo_Nasledovanie.vcxproj", "{62D773FA-C973-4DE3-BE72-AC863D96408A}"
EndProject
Project("{8BC9CEB8-8B4A-11D0-8D11-00A0C91BC942}") = "113_that_interfeis_oop", "113_that_interfeis_oop\113_that_interfeis_oop.vcxproj", "{36D7B4CF-E540-4CD0-9544-75F96D320C67}"
EndProject
Project("{8BC9CEB8-8B4A-11D0-8D11-00A0C91BC942}") = "114_Virtual_interfeis_oop", "114_Virtual_interfeis_oop\114_Virtual_interfeis_oop.vcxproj", "{196166D4-9625-4B55-BE6D-5EF30211A01A}"
EndProject
Project("{8BC9CEB8-8B4A-11D0-8D11-00A0C91BC942}") = "115_Work_Files", "115_Work_Files\115_Work_Files.vcxproj", "{10923514-431C-4A8B-B67B-7713AC01AED0}"
EndProject
Project("{8BC9CEB8-8B4A-11D0-8D11-00A0C91BC942}") = "116_Read_files", "116_Read_files\116_Read_files.vcxproj", "{4D3CFD53-DD57-4774-9636-8D33CED1B841}"
EndProject
Project("{8BC9CEB8-8B4A-11D0-8D11-00A0C91BC942}") = "117_Write_class", "117_Write_class\117_Write_class.vcxproj", "{401A0D2C-7643-49CF-A789-12222BA5E9DB}"
EndProject
Project("{8BC9CEB8-8B4A-11D0-8D11-00A0C91BC942}") = "118_Read_Write_fsream", "118_Read_Write_fsream\118_Read_Write_fsream.vcxproj", "{C67124F5-924D-4B81-AF97-CC124E586BFE}"
EndProject
Global
	GlobalSection(SolutionConfigurationPlatforms) = preSolution
		Debug|x64 = Debug|x64
		Debug|x86 = Debug|x86
		Release|x64 = Release|x64
		Release|x86 = Release|x86
	EndGlobalSection
	GlobalSection(ProjectConfigurationPlatforms) = postSolution
		{9FFE7607-785A-43D8-9EFD-9E23B852AAA8}.Debug|x64.ActiveCfg = Debug|x64
		{9FFE7607-785A-43D8-9EFD-9E23B852AAA8}.Debug|x64.Build.0 = Debug|x64
		{9FFE7607-785A-43D8-9EFD-9E23B852AAA8}.Debug|x86.ActiveCfg = Debug|Win32
		{9FFE7607-785A-43D8-9EFD-9E23B852AAA8}.Debug|x86.Build.0 = Debug|Win32
		{9FFE7607-785A-43D8-9EFD-9E23B852AAA8}.Release|x64.ActiveCfg = Release|x64
		{9FFE7607-785A-43D8-9EFD-9E23B852AAA8}.Release|x64.Build.0 = Release|x64
		{9FFE7607-785A-43D8-9EFD-9E23B852AAA8}.Release|x86.ActiveCfg = Release|Win32
		{9FFE7607-785A-43D8-9EFD-9E23B852AAA8}.Release|x86.Build.0 = Release|Win32
		{EF25F473-4DB1-424F-9387-CAC2FF16D98D}.Debug|x64.ActiveCfg = Debug|x64
		{EF25F473-4DB1-424F-9387-CAC2FF16D98D}.Debug|x64.Build.0 = Debug|x64
		{EF25F473-4DB1-424F-9387-CAC2FF16D98D}.Debug|x86.ActiveCfg = Debug|Win32
		{EF25F473-4DB1-424F-9387-CAC2FF16D98D}.Debug|x86.Build.0 = Debug|Win32
		{EF25F473-4DB1-424F-9387-CAC2FF16D98D}.Release|x64.ActiveCfg = Release|x64
		{EF25F473-4DB1-424F-9387-CAC2FF16D98D}.Release|x64.Build.0 = Release|x64
		{EF25F473-4DB1-424F-9387-CAC2FF16D98D}.Release|x86.ActiveCfg = Release|Win32
		{EF25F473-4DB1-424F-9387-CAC2FF16D98D}.Release|x86.Build.0 = Release|Win32
		{392EE107-911B-46CB-ADF8-E55A85339585}.Debug|x64.ActiveCfg = Debug|x64
		{392EE107-911B-46CB-ADF8-E55A85339585}.Debug|x64.Build.0 = Debug|x64
		{392EE107-911B-46CB-ADF8-E55A85339585}.Debug|x86.ActiveCfg = Debug|Win32
		{392EE107-911B-46CB-ADF8-E55A85339585}.Debug|x86.Build.0 = Debug|Win32
		{392EE107-911B-46CB-ADF8-E55A85339585}.Release|x64.ActiveCfg = Release|x64
		{392EE107-911B-46CB-ADF8-E55A85339585}.Release|x64.Build.0 = Release|x64
		{392EE107-911B-46CB-ADF8-E55A85339585}.Release|x86.ActiveCfg = Release|Win32
		{392EE107-911B-46CB-ADF8-E55A85339585}.Release|x86.Build.0 = Release|Win32
		{C507146D-863A-42ED-904B-5F9BA48224D6}.Debug|x64.ActiveCfg = Debug|x64
		{C507146D-863A-42ED-904B-5F9BA48224D6}.Debug|x64.Build.0 = Debug|x64
		{C507146D-863A-42ED-904B-5F9BA48224D6}.Debug|x86.ActiveCfg = Debug|Win32
		{C507146D-863A-42ED-904B-5F9BA48224D6}.Debug|x86.Build.0 = Debug|Win32
		{C507146D-863A-42ED-904B-5F9BA48224D6}.Release|x64.ActiveCfg = Release|x64
		{C507146D-863A-42ED-904B-5F9BA48224D6}.Release|x64.Build.0 = Release|x64
		{C507146D-863A-42ED-904B-5F9BA48224D6}.Release|x86.ActiveCfg = Release|Win32
		{C507146D-863A-42ED-904B-5F9BA48224D6}.Release|x86.Build.0 = Release|Win32
		{3C6200D3-F669-413B-A947-4FD0E74299B2}.Debug|x64.ActiveCfg = Debug|x64
		{3C6200D3-F669-413B-A947-4FD0E74299B2}.Debug|x64.Build.0 = Debug|x64
		{3C6200D3-F669-413B-A947-4FD0E74299B2}.Debug|x86.ActiveCfg = Debug|Win32
		{3C6200D3-F669-413B-A947-4FD0E74299B2}.Debug|x86.Build.0 = Debug|Win32
		{3C6200D3-F669-413B-A947-4FD0E74299B2}.Release|x64.ActiveCfg = Release|x64
		{3C6200D3-F669-413B-A947-4FD0E74299B2}.Release|x64.Build.0 = Release|x64
		{3C6200D3-F669-413B-A947-4FD0E74299B2}.Release|x86.ActiveCfg = Release|Win32
		{3C6200D3-F669-413B-A947-4FD0E74299B2}.Release|x86.Build.0 = Release|Win32
		{63810BDB-7C48-4C71-AE77-306E8791ECAF}.Debug|x64.ActiveCfg = Debug|x64
		{63810BDB-7C48-4C71-AE77-306E8791ECAF}.Debug|x64.Build.0 = Debug|x64
		{63810BDB-7C48-4C71-AE77-306E8791ECAF}.Debug|x86.ActiveCfg = Debug|Win32
		{63810BDB-7C48-4C71-AE77-306E8791ECAF}.Debug|x86.Build.0 = Debug|Win32
		{63810BDB-7C48-4C71-AE77-306E8791ECAF}.Release|x64.ActiveCfg = Release|x64
		{63810BDB-7C48-4C71-AE77-306E8791ECAF}.Release|x64.Build.0 = Release|x64
		{63810BDB-7C48-4C71-AE77-306E8791ECAF}.Release|x86.ActiveCfg = Release|Win32
		{63810BDB-7C48-4C71-AE77-306E8791ECAF}.Release|x86.Build.0 = Release|Win32
		{FD2B448E-90D7-4D53-8CF9-D1C137E20239}.Debug|x64.ActiveCfg = Debug|x64
		{FD2B448E-90D7-4D53-8CF9-D1C137E20239}.Debug|x64.Build.0 = Debug|x64
		{FD2B448E-90D7-4D53-8CF9-D1C137E20239}.Debug|x86.ActiveCfg = Debug|Win32
		{FD2B448E-90D7-4D53-8CF9-D1C137E20239}.Debug|x86.Build.0 = Debug|Win32
		{FD2B448E-90D7-4D53-8CF9-D1C137E20239}.Release|x64.ActiveCfg = Release|x64
		{FD2B448E-90D7-4D53-8CF9-D1C137E20239}.Release|x64.Build.0 = Release|x64
		{FD2B448E-90D7-4D53-8CF9-D1C137E20239}.Release|x86.ActiveCfg = Release|Win32
		{FD2B448E-90D7-4D53-8CF9-D1C137E20239}.Release|x86.Build.0 = Release|Win32
		{1448E635-26FE-43B1-BEA8-8F01B54D77C8}.Debug|x64.ActiveCfg = Debug|x64
		{1448E635-26FE-43B1-BEA8-8F01B54D77C8}.Debug|x64.Build.0 = Debug|x64
		{1448E635-26FE-43B1-BEA8-8F01B54D77C8}.Debug|x86.ActiveCfg = Debug|Win32
		{1448E635-26FE-43B1-BEA8-8F01B54D77C8}.Debug|x86.Build.0 = Debug|Win32
		{1448E635-26FE-43B1-BEA8-8F01B54D77C8}.Release|x64.ActiveCfg = Release|x64
		{1448E635-26FE-43B1-BEA8-8F01B54D77C8}.Release|x64.Build.0 = Release|x64
		{1448E635-26FE-43B1-BEA8-8F01B54D77C8}.Release|x86.ActiveCfg = Release|Win32
		{1448E635-26FE-43B1-BEA8-8F01B54D77C8}.Release|x86.Build.0 = Release|Win32
		{A228320A-42E6-421A-9B35-89D2674C042F}.Debug|x64.ActiveCfg = Debug|x64
		{A228320A-42E6-421A-9B35-89D2674C042F}.Debug|x64.Build.0 = Debug|x64
		{A228320A-42E6-421A-9B35-89D2674C042F}.Debug|x86.ActiveCfg = Debug|Win32
		{A228320A-42E6-421A-9B35-89D2674C042F}.Debug|x86.Build.0 = Debug|Win32
		{A228320A-42E6-421A-9B35-89D2674C042F}.Release|x64.ActiveCfg = Release|x64
		{A228320A-42E6-421A-9B35-89D2674C042F}.Release|x64.Build.0 = Release|x64
		{A228320A-42E6-421A-9B35-89D2674C042F}.Release|x86.ActiveCfg = Release|Win32
		{A228320A-42E6-421A-9B35-89D2674C042F}.Release|x86.Build.0 = Release|Win32
		{685F7C22-CBD7-449F-996E-7900B03A09C6}.Debug|x64.ActiveCfg = Debug|x64
		{685F7C22-CBD7-449F-996E-7900B03A09C6}.Debug|x64.Build.0 = Debug|x64
		{685F7C22-CBD7-449F-996E-7900B03A09C6}.Debug|x86.ActiveCfg = Debug|Win32
		{685F7C22-CBD7-449F-996E-7900B03A09C6}.Debug|x86.Build.0 = Debug|Win32
		{685F7C22-CBD7-449F-996E-7900B03A09C6}.Release|x64.ActiveCfg = Release|x64
		{685F7C22-CBD7-449F-996E-7900B03A09C6}.Release|x64.Build.0 = Release|x64
		{685F7C22-CBD7-449F-996E-7900B03A09C6}.Release|x86.ActiveCfg = Release|Win32
		{685F7C22-CBD7-449F-996E-7900B03A09C6}.Release|x86.Build.0 = Release|Win32
		{25CBBBF1-A6BF-496B-91FD-DD6834AFF5BC}.Debug|x64.ActiveCfg = Debug|x64
		{25CBBBF1-A6BF-496B-91FD-DD6834AFF5BC}.Debug|x64.Build.0 = Debug|x64
		{25CBBBF1-A6BF-496B-91FD-DD6834AFF5BC}.Debug|x86.ActiveCfg = Debug|Win32
		{25CBBBF1-A6BF-496B-91FD-DD6834AFF5BC}.Debug|x86.Build.0 = Debug|Win32
		{25CBBBF1-A6BF-496B-91FD-DD6834AFF5BC}.Release|x64.ActiveCfg = Release|x64
		{25CBBBF1-A6BF-496B-91FD-DD6834AFF5BC}.Release|x64.Build.0 = Release|x64
		{25CBBBF1-A6BF-496B-91FD-DD6834AFF5BC}.Release|x86.ActiveCfg = Release|Win32
		{25CBBBF1-A6BF-496B-91FD-DD6834AFF5BC}.Release|x86.Build.0 = Release|Win32
		{6202B1DA-EBB6-47C7-B54D-B39994C83FB5}.Debug|x64.ActiveCfg = Debug|x64
		{6202B1DA-EBB6-47C7-B54D-B39994C83FB5}.Debug|x64.Build.0 = Debug|x64
		{6202B1DA-EBB6-47C7-B54D-B39994C83FB5}.Debug|x86.ActiveCfg = Debug|Win32
		{6202B1DA-EBB6-47C7-B54D-B39994C83FB5}.Debug|x86.Build.0 = Debug|Win32
		{6202B1DA-EBB6-47C7-B54D-B39994C83FB5}.Release|x64.ActiveCfg = Release|x64
		{6202B1DA-EBB6-47C7-B54D-B39994C83FB5}.Release|x64.Build.0 = Release|x64
		{6202B1DA-EBB6-47C7-B54D-B39994C83FB5}.Release|x86.ActiveCfg = Release|Win32
		{6202B1DA-EBB6-47C7-B54D-B39994C83FB5}.Release|x86.Build.0 = Release|Win32
		{8A7C5BE7-D17D-41FE-BB1F-B570087E7255}.Debug|x64.ActiveCfg = Debug|x64
		{8A7C5BE7-D17D-41FE-BB1F-B570087E7255}.Debug|x64.Build.0 = Debug|x64
		{8A7C5BE7-D17D-41FE-BB1F-B570087E7255}.Debug|x86.ActiveCfg = Debug|Win32
		{8A7C5BE7-D17D-41FE-BB1F-B570087E7255}.Debug|x86.Build.0 = Debug|Win32
		{8A7C5BE7-D17D-41FE-BB1F-B570087E7255}.Release|x64.ActiveCfg = Release|x64
		{8A7C5BE7-D17D-41FE-BB1F-B570087E7255}.Release|x64.Build.0 = Release|x64
		{8A7C5BE7-D17D-41FE-BB1F-B570087E7255}.Release|x86.ActiveCfg = Release|Win32
		{8A7C5BE7-D17D-41FE-BB1F-B570087E7255}.Release|x86.Build.0 = Release|Win32
		{66BD49CA-EA33-4973-82B5-06D8A0AF3B45}.Debug|x64.ActiveCfg = Debug|x64
		{66BD49CA-EA33-4973-82B5-06D8A0AF3B45}.Debug|x64.Build.0 = Debug|x64
		{66BD49CA-EA33-4973-82B5-06D8A0AF3B45}.Debug|x86.ActiveCfg = Debug|Win32
		{66BD49CA-EA33-4973-82B5-06D8A0AF3B45}.Debug|x86.Build.0 = Debug|Win32
		{66BD49CA-EA33-4973-82B5-06D8A0AF3B45}.Release|x64.ActiveCfg = Release|x64
		{66BD49CA-EA33-4973-82B5-06D8A0AF3B45}.Release|x64.Build.0 = Release|x64
		{66BD49CA-EA33-4973-82B5-06D8A0AF3B45}.Release|x86.ActiveCfg = Release|Win32
		{66BD49CA-EA33-4973-82B5-06D8A0AF3B45}.Release|x86.Build.0 = Release|Win32
		{2E63BC5E-95A0-4815-B514-9100088FBE8A}.Debug|x64.ActiveCfg = Debug|x64
		{2E63BC5E-95A0-4815-B514-9100088FBE8A}.Debug|x64.Build.0 = Debug|x64
		{2E63BC5E-95A0-4815-B514-9100088FBE8A}.Debug|x86.ActiveCfg = Debug|Win32
		{2E63BC5E-95A0-4815-B514-9100088FBE8A}.Debug|x86.Build.0 = Debug|Win32
		{2E63BC5E-95A0-4815-B514-9100088FBE8A}.Release|x64.ActiveCfg = Release|x64
		{2E63BC5E-95A0-4815-B514-9100088FBE8A}.Release|x64.Build.0 = Release|x64
		{2E63BC5E-95A0-4815-B514-9100088FBE8A}.Release|x86.ActiveCfg = Release|Win32
		{2E63BC5E-95A0-4815-B514-9100088FBE8A}.Release|x86.Build.0 = Release|Win32
		{19AADD3C-5068-42DC-82CC-0E1C01EFCE34}.Debug|x64.ActiveCfg = Debug|x64
		{19AADD3C-5068-42DC-82CC-0E1C01EFCE34}.Debug|x64.Build.0 = Debug|x64
		{19AADD3C-5068-42DC-82CC-0E1C01EFCE34}.Debug|x86.ActiveCfg = Debug|Win32
		{19AADD3C-5068-42DC-82CC-0E1C01EFCE34}.Debug|x86.Build.0 = Debug|Win32
		{19AADD3C-5068-42DC-82CC-0E1C01EFCE34}.Release|x64.ActiveCfg = Release|x64
		{19AADD3C-5068-42DC-82CC-0E1C01EFCE34}.Release|x64.Build.0 = Release|x64
		{19AADD3C-5068-42DC-82CC-0E1C01EFCE34}.Release|x86.ActiveCfg = Release|Win32
		{19AADD3C-5068-42DC-82CC-0E1C01EFCE34}.Release|x86.Build.0 = Release|Win32
		{021B0F89-645B-433B-90D9-A9AEE78976D2}.Debug|x64.ActiveCfg = Debug|x64
		{021B0F89-645B-433B-90D9-A9AEE78976D2}.Debug|x64.Build.0 = Debug|x64
		{021B0F89-645B-433B-90D9-A9AEE78976D2}.Debug|x86.ActiveCfg = Debug|Win32
		{021B0F89-645B-433B-90D9-A9AEE78976D2}.Debug|x86.Build.0 = Debug|Win32
		{021B0F89-645B-433B-90D9-A9AEE78976D2}.Release|x64.ActiveCfg = Release|x64
		{021B0F89-645B-433B-90D9-A9AEE78976D2}.Release|x64.Build.0 = Release|x64
		{021B0F89-645B-433B-90D9-A9AEE78976D2}.Release|x86.ActiveCfg = Release|Win32
		{021B0F89-645B-433B-90D9-A9AEE78976D2}.Release|x86.Build.0 = Release|Win32
		{85E9D982-E7B8-4E1A-8BCF-8A6C4DB584BB}.Debug|x64.ActiveCfg = Debug|x64
		{85E9D982-E7B8-4E1A-8BCF-8A6C4DB584BB}.Debug|x64.Build.0 = Debug|x64
		{85E9D982-E7B8-4E1A-8BCF-8A6C4DB584BB}.Debug|x86.ActiveCfg = Debug|Win32
		{85E9D982-E7B8-4E1A-8BCF-8A6C4DB584BB}.Debug|x86.Build.0 = Debug|Win32
		{85E9D982-E7B8-4E1A-8BCF-8A6C4DB584BB}.Release|x64.ActiveCfg = Release|x64
		{85E9D982-E7B8-4E1A-8BCF-8A6C4DB584BB}.Release|x64.Build.0 = Release|x64
		{85E9D982-E7B8-4E1A-8BCF-8A6C4DB584BB}.Release|x86.ActiveCfg = Release|Win32
		{85E9D982-E7B8-4E1A-8BCF-8A6C4DB584BB}.Release|x86.Build.0 = Release|Win32
		{E609DEF5-AA84-426D-B7B8-453B02EAD5EB}.Debug|x64.ActiveCfg = Debug|x64
		{E609DEF5-AA84-426D-B7B8-453B02EAD5EB}.Debug|x64.Build.0 = Debug|x64
		{E609DEF5-AA84-426D-B7B8-453B02EAD5EB}.Debug|x86.ActiveCfg = Debug|Win32
		{E609DEF5-AA84-426D-B7B8-453B02EAD5EB}.Debug|x86.Build.0 = Debug|Win32
		{E609DEF5-AA84-426D-B7B8-453B02EAD5EB}.Release|x64.ActiveCfg = Release|x64
		{E609DEF5-AA84-426D-B7B8-453B02EAD5EB}.Release|x64.Build.0 = Release|x64
		{E609DEF5-AA84-426D-B7B8-453B02EAD5EB}.Release|x86.ActiveCfg = Release|Win32
		{E609DEF5-AA84-426D-B7B8-453B02EAD5EB}.Release|x86.Build.0 = Release|Win32
		{1A476841-5B63-430D-B454-72EE34067FE5}.Debug|x64.ActiveCfg = Debug|x64
		{1A476841-5B63-430D-B454-72EE34067FE5}.Debug|x64.Build.0 = Debug|x64
		{1A476841-5B63-430D-B454-72EE34067FE5}.Debug|x86.ActiveCfg = Debug|Win32
		{1A476841-5B63-430D-B454-72EE34067FE5}.Debug|x86.Build.0 = Debug|Win32
		{1A476841-5B63-430D-B454-72EE34067FE5}.Release|x64.ActiveCfg = Release|x64
		{1A476841-5B63-430D-B454-72EE34067FE5}.Release|x64.Build.0 = Release|x64
		{1A476841-5B63-430D-B454-72EE34067FE5}.Release|x86.ActiveCfg = Release|Win32
		{1A476841-5B63-430D-B454-72EE34067FE5}.Release|x86.Build.0 = Release|Win32
		{124FAB7B-2BEC-4F93-B124-C2DC37A4ACE8}.Debug|x64.ActiveCfg = Debug|x64
		{124FAB7B-2BEC-4F93-B124-C2DC37A4ACE8}.Debug|x64.Build.0 = Debug|x64
		{124FAB7B-2BEC-4F93-B124-C2DC37A4ACE8}.Debug|x86.ActiveCfg = Debug|Win32
		{124FAB7B-2BEC-4F93-B124-C2DC37A4ACE8}.Debug|x86.Build.0 = Debug|Win32
		{124FAB7B-2BEC-4F93-B124-C2DC37A4ACE8}.Release|x64.ActiveCfg = Release|x64
		{124FAB7B-2BEC-4F93-B124-C2DC37A4ACE8}.Release|x64.Build.0 = Release|x64
		{124FAB7B-2BEC-4F93-B124-C2DC37A4ACE8}.Release|x86.ActiveCfg = Release|Win32
		{124FAB7B-2BEC-4F93-B124-C2DC37A4ACE8}.Release|x86.Build.0 = Release|Win32
		{E6527DDC-5B3D-40C1-B527-150A5D32C230}.Debug|x64.ActiveCfg = Debug|x64
		{E6527DDC-5B3D-40C1-B527-150A5D32C230}.Debug|x64.Build.0 = Debug|x64
		{E6527DDC-5B3D-40C1-B527-150A5D32C230}.Debug|x86.ActiveCfg = Debug|Win32
		{E6527DDC-5B3D-40C1-B527-150A5D32C230}.Debug|x86.Build.0 = Debug|Win32
		{E6527DDC-5B3D-40C1-B527-150A5D32C230}.Release|x64.ActiveCfg = Release|x64
		{E6527DDC-5B3D-40C1-B527-150A5D32C230}.Release|x64.Build.0 = Release|x64
		{E6527DDC-5B3D-40C1-B527-150A5D32C230}.Release|x86.ActiveCfg = Release|Win32
		{E6527DDC-5B3D-40C1-B527-150A5D32C230}.Release|x86.Build.0 = Release|Win32
		{D6604310-0388-48C6-974E-493781999DA7}.Debug|x64.ActiveCfg = Debug|x64
		{D6604310-0388-48C6-974E-493781999DA7}.Debug|x64.Build.0 = Debug|x64
		{D6604310-0388-48C6-974E-493781999DA7}.Debug|x86.ActiveCfg = Debug|Win32
		{D6604310-0388-48C6-974E-493781999DA7}.Debug|x86.Build.0 = Debug|Win32
		{D6604310-0388-48C6-974E-493781999DA7}.Release|x64.ActiveCfg = Release|x64
		{D6604310-0388-48C6-974E-493781999DA7}.Release|x64.Build.0 = Release|x64
		{D6604310-0388-48C6-974E-493781999DA7}.Release|x86.ActiveCfg = Release|Win32
		{D6604310-0388-48C6-974E-493781999DA7}.Release|x86.Build.0 = Release|Win32
		{3B9A4A29-5AF6-411F-9A18-977052EED21C}.Debug|x64.ActiveCfg = Debug|x64
		{3B9A4A29-5AF6-411F-9A18-977052EED21C}.Debug|x64.Build.0 = Debug|x64
		{3B9A4A29-5AF6-411F-9A18-977052EED21C}.Debug|x86.ActiveCfg = Debug|Win32
		{3B9A4A29-5AF6-411F-9A18-977052EED21C}.Debug|x86.Build.0 = Debug|Win32
		{3B9A4A29-5AF6-411F-9A18-977052EED21C}.Release|x64.ActiveCfg = Release|x64
		{3B9A4A29-5AF6-411F-9A18-977052EED21C}.Release|x64.Build.0 = Release|x64
		{3B9A4A29-5AF6-411F-9A18-977052EED21C}.Release|x86.ActiveCfg = Release|Win32
		{3B9A4A29-5AF6-411F-9A18-977052EED21C}.Release|x86.Build.0 = Release|Win32
		{BEC25B95-7E3C-4A87-A1D2-91FA03342F27}.Debug|x64.ActiveCfg = Debug|x64
		{BEC25B95-7E3C-4A87-A1D2-91FA03342F27}.Debug|x64.Build.0 = Debug|x64
		{BEC25B95-7E3C-4A87-A1D2-91FA03342F27}.Debug|x86.ActiveCfg = Debug|Win32
		{BEC25B95-7E3C-4A87-A1D2-91FA03342F27}.Debug|x86.Build.0 = Debug|Win32
		{BEC25B95-7E3C-4A87-A1D2-91FA03342F27}.Release|x64.ActiveCfg = Release|x64
		{BEC25B95-7E3C-4A87-A1D2-91FA03342F27}.Release|x64.Build.0 = Release|x64
		{BEC25B95-7E3C-4A87-A1D2-91FA03342F27}.Release|x86.ActiveCfg = Release|Win32
		{BEC25B95-7E3C-4A87-A1D2-91FA03342F27}.Release|x86.Build.0 = Release|Win32
		{BB91B3E8-AA7D-4546-9DCC-4EF5BFF050AA}.Debug|x64.ActiveCfg = Debug|x64
		{BB91B3E8-AA7D-4546-9DCC-4EF5BFF050AA}.Debug|x64.Build.0 = Debug|x64
		{BB91B3E8-AA7D-4546-9DCC-4EF5BFF050AA}.Debug|x86.ActiveCfg = Debug|Win32
		{BB91B3E8-AA7D-4546-9DCC-4EF5BFF050AA}.Debug|x86.Build.0 = Debug|Win32
		{BB91B3E8-AA7D-4546-9DCC-4EF5BFF050AA}.Release|x64.ActiveCfg = Release|x64
		{BB91B3E8-AA7D-4546-9DCC-4EF5BFF050AA}.Release|x64.Build.0 = Release|x64
		{BB91B3E8-AA7D-4546-9DCC-4EF5BFF050AA}.Release|x86.ActiveCfg = Release|Win32
		{BB91B3E8-AA7D-4546-9DCC-4EF5BFF050AA}.Release|x86.Build.0 = Release|Win32
		{9C8CBA2B-693B-4D24-8C5F-E63B98041BCF}.Debug|x64.ActiveCfg = Debug|x64
		{9C8CBA2B-693B-4D24-8C5F-E63B98041BCF}.Debug|x64.Build.0 = Debug|x64
		{9C8CBA2B-693B-4D24-8C5F-E63B98041BCF}.Debug|x86.ActiveCfg = Debug|Win32
		{9C8CBA2B-693B-4D24-8C5F-E63B98041BCF}.Debug|x86.Build.0 = Debug|Win32
		{9C8CBA2B-693B-4D24-8C5F-E63B98041BCF}.Release|x64.ActiveCfg = Release|x64
		{9C8CBA2B-693B-4D24-8C5F-E63B98041BCF}.Release|x64.Build.0 = Release|x64
		{9C8CBA2B-693B-4D24-8C5F-E63B98041BCF}.Release|x86.ActiveCfg = Release|Win32
		{9C8CBA2B-693B-4D24-8C5F-E63B98041BCF}.Release|x86.Build.0 = Release|Win32
		{B8A4AAFA-E67B-45AD-B5C1-9CA85C214728}.Debug|x64.ActiveCfg = Debug|x64
		{B8A4AAFA-E67B-45AD-B5C1-9CA85C214728}.Debug|x64.Build.0 = Debug|x64
		{B8A4AAFA-E67B-45AD-B5C1-9CA85C214728}.Debug|x86.ActiveCfg = Debug|Win32
		{B8A4AAFA-E67B-45AD-B5C1-9CA85C214728}.Debug|x86.Build.0 = Debug|Win32
		{B8A4AAFA-E67B-45AD-B5C1-9CA85C214728}.Release|x64.ActiveCfg = Release|x64
		{B8A4AAFA-E67B-45AD-B5C1-9CA85C214728}.Release|x64.Build.0 = Release|x64
		{B8A4AAFA-E67B-45AD-B5C1-9CA85C214728}.Release|x86.ActiveCfg = Release|Win32
		{B8A4AAFA-E67B-45AD-B5C1-9CA85C214728}.Release|x86.Build.0 = Release|Win32
		{180E2710-C6BC-428F-9E0B-5423EDC6F2B9}.Debug|x64.ActiveCfg = Debug|x64
		{180E2710-C6BC-428F-9E0B-5423EDC6F2B9}.Debug|x64.Build.0 = Debug|x64
		{180E2710-C6BC-428F-9E0B-5423EDC6F2B9}.Debug|x86.ActiveCfg = Debug|Win32
		{180E2710-C6BC-428F-9E0B-5423EDC6F2B9}.Debug|x86.Build.0 = Debug|Win32
		{180E2710-C6BC-428F-9E0B-5423EDC6F2B9}.Release|x64.ActiveCfg = Release|x64
		{180E2710-C6BC-428F-9E0B-5423EDC6F2B9}.Release|x64.Build.0 = Release|x64
		{180E2710-C6BC-428F-9E0B-5423EDC6F2B9}.Release|x86.ActiveCfg = Release|Win32
		{180E2710-C6BC-428F-9E0B-5423EDC6F2B9}.Release|x86.Build.0 = Release|Win32
		{475BB12E-0AD7-49C7-9165-3528DF20BBC4}.Debug|x64.ActiveCfg = Debug|x64
		{475BB12E-0AD7-49C7-9165-3528DF20BBC4}.Debug|x64.Build.0 = Debug|x64
		{475BB12E-0AD7-49C7-9165-3528DF20BBC4}.Debug|x86.ActiveCfg = Debug|Win32
		{475BB12E-0AD7-49C7-9165-3528DF20BBC4}.Debug|x86.Build.0 = Debug|Win32
		{475BB12E-0AD7-49C7-9165-3528DF20BBC4}.Release|x64.ActiveCfg = Release|x64
		{475BB12E-0AD7-49C7-9165-3528DF20BBC4}.Release|x64.Build.0 = Release|x64
		{475BB12E-0AD7-49C7-9165-3528DF20BBC4}.Release|x86.ActiveCfg = Release|Win32
		{475BB12E-0AD7-49C7-9165-3528DF20BBC4}.Release|x86.Build.0 = Release|Win32
		{CD0B4885-5FF7-4FA5-A4BE-28E8DB85995F}.Debug|x64.ActiveCfg = Debug|x64
		{CD0B4885-5FF7-4FA5-A4BE-28E8DB85995F}.Debug|x64.Build.0 = Debug|x64
		{CD0B4885-5FF7-4FA5-A4BE-28E8DB85995F}.Debug|x86.ActiveCfg = Debug|Win32
		{CD0B4885-5FF7-4FA5-A4BE-28E8DB85995F}.Debug|x86.Build.0 = Debug|Win32
		{CD0B4885-5FF7-4FA5-A4BE-28E8DB85995F}.Release|x64.ActiveCfg = Release|x64
		{CD0B4885-5FF7-4FA5-A4BE-28E8DB85995F}.Release|x64.Build.0 = Release|x64
		{CD0B4885-5FF7-4FA5-A4BE-28E8DB85995F}.Release|x86.ActiveCfg = Release|Win32
		{CD0B4885-5FF7-4FA5-A4BE-28E8DB85995F}.Release|x86.Build.0 = Release|Win32
		{33941EC8-97AC-4E5A-823F-78EA9AA50C4E}.Debug|x64.ActiveCfg = Debug|x64
		{33941EC8-97AC-4E5A-823F-78EA9AA50C4E}.Debug|x64.Build.0 = Debug|x64
		{33941EC8-97AC-4E5A-823F-78EA9AA50C4E}.Debug|x86.ActiveCfg = Debug|Win32
		{33941EC8-97AC-4E5A-823F-78EA9AA50C4E}.Debug|x86.Build.0 = Debug|Win32
		{33941EC8-97AC-4E5A-823F-78EA9AA50C4E}.Release|x64.ActiveCfg = Release|x64
		{33941EC8-97AC-4E5A-823F-78EA9AA50C4E}.Release|x64.Build.0 = Release|x64
		{33941EC8-97AC-4E5A-823F-78EA9AA50C4E}.Release|x86.ActiveCfg = Release|Win32
		{33941EC8-97AC-4E5A-823F-78EA9AA50C4E}.Release|x86.Build.0 = Release|Win32
		{B2E48248-67C0-453D-AB1D-C9287398744A}.Debug|x64.ActiveCfg = Debug|x64
		{B2E48248-67C0-453D-AB1D-C9287398744A}.Debug|x64.Build.0 = Debug|x64
		{B2E48248-67C0-453D-AB1D-C9287398744A}.Debug|x86.ActiveCfg = Debug|Win32
		{B2E48248-67C0-453D-AB1D-C9287398744A}.Debug|x86.Build.0 = Debug|Win32
		{B2E48248-67C0-453D-AB1D-C9287398744A}.Release|x64.ActiveCfg = Release|x64
		{B2E48248-67C0-453D-AB1D-C9287398744A}.Release|x64.Build.0 = Release|x64
		{B2E48248-67C0-453D-AB1D-C9287398744A}.Release|x86.ActiveCfg = Release|Win32
		{B2E48248-67C0-453D-AB1D-C9287398744A}.Release|x86.Build.0 = Release|Win32
		{E10F4E73-8A73-4F85-A7C3-44524E7027EC}.Debug|x64.ActiveCfg = Debug|x64
		{E10F4E73-8A73-4F85-A7C3-44524E7027EC}.Debug|x64.Build.0 = Debug|x64
		{E10F4E73-8A73-4F85-A7C3-44524E7027EC}.Debug|x86.ActiveCfg = Debug|Win32
		{E10F4E73-8A73-4F85-A7C3-44524E7027EC}.Debug|x86.Build.0 = Debug|Win32
		{E10F4E73-8A73-4F85-A7C3-44524E7027EC}.Release|x64.ActiveCfg = Release|x64
		{E10F4E73-8A73-4F85-A7C3-44524E7027EC}.Release|x64.Build.0 = Release|x64
		{E10F4E73-8A73-4F85-A7C3-44524E7027EC}.Release|x86.ActiveCfg = Release|Win32
		{E10F4E73-8A73-4F85-A7C3-44524E7027EC}.Release|x86.Build.0 = Release|Win32
		{B37C6AB9-D9C5-4983-B6E6-813C75C9CBF4}.Debug|x64.ActiveCfg = Debug|x64
		{B37C6AB9-D9C5-4983-B6E6-813C75C9CBF4}.Debug|x64.Build.0 = Debug|x64
		{B37C6AB9-D9C5-4983-B6E6-813C75C9CBF4}.Debug|x86.ActiveCfg = Debug|Win32
		{B37C6AB9-D9C5-4983-B6E6-813C75C9CBF4}.Debug|x86.Build.0 = Debug|Win32
		{B37C6AB9-D9C5-4983-B6E6-813C75C9CBF4}.Release|x64.ActiveCfg = Release|x64
		{B37C6AB9-D9C5-4983-B6E6-813C75C9CBF4}.Release|x64.Build.0 = Release|x64
		{B37C6AB9-D9C5-4983-B6E6-813C75C9CBF4}.Release|x86.ActiveCfg = Release|Win32
		{B37C6AB9-D9C5-4983-B6E6-813C75C9CBF4}.Release|x86.Build.0 = Release|Win32
		{7C4316B8-CDE5-4D60-AD80-92FFA8DD4D6F}.Debug|x64.ActiveCfg = Debug|x64
		{7C4316B8-CDE5-4D60-AD80-92FFA8DD4D6F}.Debug|x64.Build.0 = Debug|x64
		{7C4316B8-CDE5-4D60-AD80-92FFA8DD4D6F}.Debug|x86.ActiveCfg = Debug|Win32
		{7C4316B8-CDE5-4D60-AD80-92FFA8DD4D6F}.Debug|x86.Build.0 = Debug|Win32
		{7C4316B8-CDE5-4D60-AD80-92FFA8DD4D6F}.Release|x64.ActiveCfg = Release|x64
		{7C4316B8-CDE5-4D60-AD80-92FFA8DD4D6F}.Release|x64.Build.0 = Release|x64
		{7C4316B8-CDE5-4D60-AD80-92FFA8DD4D6F}.Release|x86.ActiveCfg = Release|Win32
		{7C4316B8-CDE5-4D60-AD80-92FFA8DD4D6F}.Release|x86.Build.0 = Release|Win32
		{B3AE56B5-4584-42E8-A515-42AA6A63E5CB}.Debug|x64.ActiveCfg = Debug|x64
		{B3AE56B5-4584-42E8-A515-42AA6A63E5CB}.Debug|x64.Build.0 = Debug|x64
		{B3AE56B5-4584-42E8-A515-42AA6A63E5CB}.Debug|x86.ActiveCfg = Debug|Win32
		{B3AE56B5-4584-42E8-A515-42AA6A63E5CB}.Debug|x86.Build.0 = Debug|Win32
		{B3AE56B5-4584-42E8-A515-42AA6A63E5CB}.Release|x64.ActiveCfg = Release|x64
		{B3AE56B5-4584-42E8-A515-42AA6A63E5CB}.Release|x64.Build.0 = Release|x64
		{B3AE56B5-4584-42E8-A515-42AA6A63E5CB}.Release|x86.ActiveCfg = Release|Win32
		{B3AE56B5-4584-42E8-A515-42AA6A63E5CB}.Release|x86.Build.0 = Release|Win32
		{3E436A2B-DCDB-461B-80F9-8E4555B6FEDD}.Debug|x64.ActiveCfg = Debug|x64
		{3E436A2B-DCDB-461B-80F9-8E4555B6FEDD}.Debug|x64.Build.0 = Debug|x64
		{3E436A2B-DCDB-461B-80F9-8E4555B6FEDD}.Debug|x86.ActiveCfg = Debug|Win32
		{3E436A2B-DCDB-461B-80F9-8E4555B6FEDD}.Debug|x86.Build.0 = Debug|Win32
		{3E436A2B-DCDB-461B-80F9-8E4555B6FEDD}.Release|x64.ActiveCfg = Release|x64
		{3E436A2B-DCDB-461B-80F9-8E4555B6FEDD}.Release|x64.Build.0 = Release|x64
		{3E436A2B-DCDB-461B-80F9-8E4555B6FEDD}.Release|x86.ActiveCfg = Release|Win32
		{3E436A2B-DCDB-461B-80F9-8E4555B6FEDD}.Release|x86.Build.0 = Release|Win32
		{263AB37E-1F69-4F16-A24E-060D19EE9115}.Debug|x64.ActiveCfg = Debug|x64
		{263AB37E-1F69-4F16-A24E-060D19EE9115}.Debug|x64.Build.0 = Debug|x64
		{263AB37E-1F69-4F16-A24E-060D19EE9115}.Debug|x86.ActiveCfg = Debug|Win32
		{263AB37E-1F69-4F16-A24E-060D19EE9115}.Debug|x86.Build.0 = Debug|Win32
		{263AB37E-1F69-4F16-A24E-060D19EE9115}.Release|x64.ActiveCfg = Release|x64
		{263AB37E-1F69-4F16-A24E-060D19EE9115}.Release|x64.Build.0 = Release|x64
		{263AB37E-1F69-4F16-A24E-060D19EE9115}.Release|x86.ActiveCfg = Release|Win32
		{263AB37E-1F69-4F16-A24E-060D19EE9115}.Release|x86.Build.0 = Release|Win32
		{EA785FB6-70D3-43B1-9CF5-A5A35F9EDBEF}.Debug|x64.ActiveCfg = Debug|x64
		{EA785FB6-70D3-43B1-9CF5-A5A35F9EDBEF}.Debug|x64.Build.0 = Debug|x64
		{EA785FB6-70D3-43B1-9CF5-A5A35F9EDBEF}.Debug|x86.ActiveCfg = Debug|Win32
		{EA785FB6-70D3-43B1-9CF5-A5A35F9EDBEF}.Debug|x86.Build.0 = Debug|Win32
		{EA785FB6-70D3-43B1-9CF5-A5A35F9EDBEF}.Release|x64.ActiveCfg = Release|x64
		{EA785FB6-70D3-43B1-9CF5-A5A35F9EDBEF}.Release|x64.Build.0 = Release|x64
		{EA785FB6-70D3-43B1-9CF5-A5A35F9EDBEF}.Release|x86.ActiveCfg = Release|Win32
		{EA785FB6-70D3-43B1-9CF5-A5A35F9EDBEF}.Release|x86.Build.0 = Release|Win32
		{B48F3481-E4EC-4D90-888A-8F0B8553F7E6}.Debug|x64.ActiveCfg = Debug|x64
		{B48F3481-E4EC-4D90-888A-8F0B8553F7E6}.Debug|x64.Build.0 = Debug|x64
		{B48F3481-E4EC-4D90-888A-8F0B8553F7E6}.Debug|x86.ActiveCfg = Debug|Win32
		{B48F3481-E4EC-4D90-888A-8F0B8553F7E6}.Debug|x86.Build.0 = Debug|Win32
		{B48F3481-E4EC-4D90-888A-8F0B8553F7E6}.Release|x64.ActiveCfg = Release|x64
		{B48F3481-E4EC-4D90-888A-8F0B8553F7E6}.Release|x64.Build.0 = Release|x64
		{B48F3481-E4EC-4D90-888A-8F0B8553F7E6}.Release|x86.ActiveCfg = Release|Win32
		{B48F3481-E4EC-4D90-888A-8F0B8553F7E6}.Release|x86.Build.0 = Release|Win32
		{F4CC6669-0C8F-4E6C-9565-13E2178D5E7B}.Debug|x64.ActiveCfg = Debug|x64
		{F4CC6669-0C8F-4E6C-9565-13E2178D5E7B}.Debug|x64.Build.0 = Debug|x64
		{F4CC6669-0C8F-4E6C-9565-13E2178D5E7B}.Debug|x86.ActiveCfg = Debug|Win32
		{F4CC6669-0C8F-4E6C-9565-13E2178D5E7B}.Debug|x86.Build.0 = Debug|Win32
		{F4CC6669-0C8F-4E6C-9565-13E2178D5E7B}.Release|x64.ActiveCfg = Release|x64
		{F4CC6669-0C8F-4E6C-9565-13E2178D5E7B}.Release|x64.Build.0 = Release|x64
		{F4CC6669-0C8F-4E6C-9565-13E2178D5E7B}.Release|x86.ActiveCfg = Release|Win32
		{F4CC6669-0C8F-4E6C-9565-13E2178D5E7B}.Release|x86.Build.0 = Release|Win32
		{92041E06-D757-4877-A7AC-46569D279709}.Debug|x64.ActiveCfg = Debug|x64
		{92041E06-D757-4877-A7AC-46569D279709}.Debug|x64.Build.0 = Debug|x64
		{92041E06-D757-4877-A7AC-46569D279709}.Debug|x86.ActiveCfg = Debug|Win32
		{92041E06-D757-4877-A7AC-46569D279709}.Debug|x86.Build.0 = Debug|Win32
		{92041E06-D757-4877-A7AC-46569D279709}.Release|x64.ActiveCfg = Release|x64
		{92041E06-D757-4877-A7AC-46569D279709}.Release|x64.Build.0 = Release|x64
		{92041E06-D757-4877-A7AC-46569D279709}.Release|x86.ActiveCfg = Release|Win32
		{92041E06-D757-4877-A7AC-46569D279709}.Release|x86.Build.0 = Release|Win32
		{9772EBAB-D4EB-4445-AA9C-2FC4D2B37D5A}.Debug|x64.ActiveCfg = Debug|x64
		{9772EBAB-D4EB-4445-AA9C-2FC4D2B37D5A}.Debug|x64.Build.0 = Debug|x64
		{9772EBAB-D4EB-4445-AA9C-2FC4D2B37D5A}.Debug|x86.ActiveCfg = Debug|Win32
		{9772EBAB-D4EB-4445-AA9C-2FC4D2B37D5A}.Debug|x86.Build.0 = Debug|Win32
		{9772EBAB-D4EB-4445-AA9C-2FC4D2B37D5A}.Release|x64.ActiveCfg = Release|x64
		{9772EBAB-D4EB-4445-AA9C-2FC4D2B37D5A}.Release|x64.Build.0 = Release|x64
		{9772EBAB-D4EB-4445-AA9C-2FC4D2B37D5A}.Release|x86.ActiveCfg = Release|Win32
		{9772EBAB-D4EB-4445-AA9C-2FC4D2B37D5A}.Release|x86.Build.0 = Release|Win32
		{04C38A02-7A0E-442C-BB7E-CFE92A9BF0C4}.Debug|x64.ActiveCfg = Debug|x64
		{04C38A02-7A0E-442C-BB7E-CFE92A9BF0C4}.Debug|x64.Build.0 = Debug|x64
		{04C38A02-7A0E-442C-BB7E-CFE92A9BF0C4}.Debug|x86.ActiveCfg = Debug|Win32
		{04C38A02-7A0E-442C-BB7E-CFE92A9BF0C4}.Debug|x86.Build.0 = Debug|Win32
		{04C38A02-7A0E-442C-BB7E-CFE92A9BF0C4}.Release|x64.ActiveCfg = Release|x64
		{04C38A02-7A0E-442C-BB7E-CFE92A9BF0C4}.Release|x64.Build.0 = Release|x64
		{04C38A02-7A0E-442C-BB7E-CFE92A9BF0C4}.Release|x86.ActiveCfg = Release|Win32
		{04C38A02-7A0E-442C-BB7E-CFE92A9BF0C4}.Release|x86.Build.0 = Release|Win32
		{D5AEFBFD-1FB5-4A25-B853-DF2CE75632EB}.Debug|x64.ActiveCfg = Debug|x64
		{D5AEFBFD-1FB5-4A25-B853-DF2CE75632EB}.Debug|x64.Build.0 = Debug|x64
		{D5AEFBFD-1FB5-4A25-B853-DF2CE75632EB}.Debug|x86.ActiveCfg = Debug|Win32
		{D5AEFBFD-1FB5-4A25-B853-DF2CE75632EB}.Debug|x86.Build.0 = Debug|Win32
		{D5AEFBFD-1FB5-4A25-B853-DF2CE75632EB}.Release|x64.ActiveCfg = Release|x64
		{D5AEFBFD-1FB5-4A25-B853-DF2CE75632EB}.Release|x64.Build.0 = Release|x64
		{D5AEFBFD-1FB5-4A25-B853-DF2CE75632EB}.Release|x86.ActiveCfg = Release|Win32
		{D5AEFBFD-1FB5-4A25-B853-DF2CE75632EB}.Release|x86.Build.0 = Release|Win32
		{E27B60BD-B346-4ACA-ACB0-C82071D38D49}.Debug|x64.ActiveCfg = Debug|x64
		{E27B60BD-B346-4ACA-ACB0-C82071D38D49}.Debug|x64.Build.0 = Debug|x64
		{E27B60BD-B346-4ACA-ACB0-C82071D38D49}.Debug|x86.ActiveCfg = Debug|Win32
		{E27B60BD-B346-4ACA-ACB0-C82071D38D49}.Debug|x86.Build.0 = Debug|Win32
		{E27B60BD-B346-4ACA-ACB0-C82071D38D49}.Release|x64.ActiveCfg = Release|x64
		{E27B60BD-B346-4ACA-ACB0-C82071D38D49}.Release|x64.Build.0 = Release|x64
		{E27B60BD-B346-4ACA-ACB0-C82071D38D49}.Release|x86.ActiveCfg = Release|Win32
		{E27B60BD-B346-4ACA-ACB0-C82071D38D49}.Release|x86.Build.0 = Release|Win32
		{4DF6D26C-F712-4C0A-AEC1-0D814D9332E6}.Debug|x64.ActiveCfg = Debug|x64
		{4DF6D26C-F712-4C0A-AEC1-0D814D9332E6}.Debug|x64.Build.0 = Debug|x64
		{4DF6D26C-F712-4C0A-AEC1-0D814D9332E6}.Debug|x86.ActiveCfg = Debug|Win32
		{4DF6D26C-F712-4C0A-AEC1-0D814D9332E6}.Debug|x86.Build.0 = Debug|Win32
		{4DF6D26C-F712-4C0A-AEC1-0D814D9332E6}.Release|x64.ActiveCfg = Release|x64
		{4DF6D26C-F712-4C0A-AEC1-0D814D9332E6}.Release|x64.Build.0 = Release|x64
		{4DF6D26C-F712-4C0A-AEC1-0D814D9332E6}.Release|x86.ActiveCfg = Release|Win32
		{4DF6D26C-F712-4C0A-AEC1-0D814D9332E6}.Release|x86.Build.0 = Release|Win32
		{D40BF618-E9F7-4CCD-BF66-B2DFB80119E2}.Debug|x64.ActiveCfg = Debug|x64
		{D40BF618-E9F7-4CCD-BF66-B2DFB80119E2}.Debug|x64.Build.0 = Debug|x64
		{D40BF618-E9F7-4CCD-BF66-B2DFB80119E2}.Debug|x86.ActiveCfg = Debug|Win32
		{D40BF618-E9F7-4CCD-BF66-B2DFB80119E2}.Debug|x86.Build.0 = Debug|Win32
		{D40BF618-E9F7-4CCD-BF66-B2DFB80119E2}.Release|x64.ActiveCfg = Release|x64
		{D40BF618-E9F7-4CCD-BF66-B2DFB80119E2}.Release|x64.Build.0 = Release|x64
		{D40BF618-E9F7-4CCD-BF66-B2DFB80119E2}.Release|x86.ActiveCfg = Release|Win32
		{D40BF618-E9F7-4CCD-BF66-B2DFB80119E2}.Release|x86.Build.0 = Release|Win32
		{F9CC26EE-8DD6-4559-B0C3-271BB7F4E5C8}.Debug|x64.ActiveCfg = Debug|x64
		{F9CC26EE-8DD6-4559-B0C3-271BB7F4E5C8}.Debug|x64.Build.0 = Debug|x64
		{F9CC26EE-8DD6-4559-B0C3-271BB7F4E5C8}.Debug|x86.ActiveCfg = Debug|Win32
		{F9CC26EE-8DD6-4559-B0C3-271BB7F4E5C8}.Debug|x86.Build.0 = Debug|Win32
		{F9CC26EE-8DD6-4559-B0C3-271BB7F4E5C8}.Release|x64.ActiveCfg = Release|x64
		{F9CC26EE-8DD6-4559-B0C3-271BB7F4E5C8}.Release|x64.Build.0 = Release|x64
		{F9CC26EE-8DD6-4559-B0C3-271BB7F4E5C8}.Release|x86.ActiveCfg = Release|Win32
		{F9CC26EE-8DD6-4559-B0C3-271BB7F4E5C8}.Release|x86.Build.0 = Release|Win32
		{8C8330D8-2C88-4627-B9F2-A8F1E5E85363}.Debug|x64.ActiveCfg = Debug|x64
		{8C8330D8-2C88-4627-B9F2-A8F1E5E85363}.Debug|x64.Build.0 = Debug|x64
		{8C8330D8-2C88-4627-B9F2-A8F1E5E85363}.Debug|x86.ActiveCfg = Debug|Win32
		{8C8330D8-2C88-4627-B9F2-A8F1E5E85363}.Debug|x86.Build.0 = Debug|Win32
		{8C8330D8-2C88-4627-B9F2-A8F1E5E85363}.Release|x64.ActiveCfg = Release|x64
		{8C8330D8-2C88-4627-B9F2-A8F1E5E85363}.Release|x64.Build.0 = Release|x64
		{8C8330D8-2C88-4627-B9F2-A8F1E5E85363}.Release|x86.ActiveCfg = Release|Win32
		{8C8330D8-2C88-4627-B9F2-A8F1E5E85363}.Release|x86.Build.0 = Release|Win32
		{DD5C2C1E-E1AB-4D57-A21B-AE927344B8EF}.Debug|x64.ActiveCfg = Debug|x64
		{DD5C2C1E-E1AB-4D57-A21B-AE927344B8EF}.Debug|x64.Build.0 = Debug|x64
		{DD5C2C1E-E1AB-4D57-A21B-AE927344B8EF}.Debug|x86.ActiveCfg = Debug|Win32
		{DD5C2C1E-E1AB-4D57-A21B-AE927344B8EF}.Debug|x86.Build.0 = Debug|Win32
		{DD5C2C1E-E1AB-4D57-A21B-AE927344B8EF}.Release|x64.ActiveCfg = Release|x64
		{DD5C2C1E-E1AB-4D57-A21B-AE927344B8EF}.Release|x64.Build.0 = Release|x64
		{DD5C2C1E-E1AB-4D57-A21B-AE927344B8EF}.Release|x86.ActiveCfg = Release|Win32
		{DD5C2C1E-E1AB-4D57-A21B-AE927344B8EF}.Release|x86.Build.0 = Release|Win32
		{98DEF77E-C252-4156-9B08-468F2397394C}.Debug|x64.ActiveCfg = Debug|x64
		{98DEF77E-C252-4156-9B08-468F2397394C}.Debug|x64.Build.0 = Debug|x64
		{98DEF77E-C252-4156-9B08-468F2397394C}.Debug|x86.ActiveCfg = Debug|Win32
		{98DEF77E-C252-4156-9B08-468F2397394C}.Debug|x86.Build.0 = Debug|Win32
		{98DEF77E-C252-4156-9B08-468F2397394C}.Release|x64.ActiveCfg = Release|x64
		{98DEF77E-C252-4156-9B08-468F2397394C}.Release|x64.Build.0 = Release|x64
		{98DEF77E-C252-4156-9B08-468F2397394C}.Release|x86.ActiveCfg = Release|Win32
		{98DEF77E-C252-4156-9B08-468F2397394C}.Release|x86.Build.0 = Release|Win32
		{10D9467D-EE43-4C52-9F04-79AD4B4075A6}.Debug|x64.ActiveCfg = Debug|x64
		{10D9467D-EE43-4C52-9F04-79AD4B4075A6}.Debug|x64.Build.0 = Debug|x64
		{10D9467D-EE43-4C52-9F04-79AD4B4075A6}.Debug|x86.ActiveCfg = Debug|Win32
		{10D9467D-EE43-4C52-9F04-79AD4B4075A6}.Debug|x86.Build.0 = Debug|Win32
		{10D9467D-EE43-4C52-9F04-79AD4B4075A6}.Release|x64.ActiveCfg = Release|x64
		{10D9467D-EE43-4C52-9F04-79AD4B4075A6}.Release|x64.Build.0 = Release|x64
		{10D9467D-EE43-4C52-9F04-79AD4B4075A6}.Release|x86.ActiveCfg = Release|Win32
		{10D9467D-EE43-4C52-9F04-79AD4B4075A6}.Release|x86.Build.0 = Release|Win32
		{1F3A1A9B-D8D1-4F08-BB6D-E0DDF3A494D3}.Debug|x64.ActiveCfg = Debug|x64
		{1F3A1A9B-D8D1-4F08-BB6D-E0DDF3A494D3}.Debug|x64.Build.0 = Debug|x64
		{1F3A1A9B-D8D1-4F08-BB6D-E0DDF3A494D3}.Debug|x86.ActiveCfg = Debug|Win32
		{1F3A1A9B-D8D1-4F08-BB6D-E0DDF3A494D3}.Debug|x86.Build.0 = Debug|Win32
		{1F3A1A9B-D8D1-4F08-BB6D-E0DDF3A494D3}.Release|x64.ActiveCfg = Release|x64
		{1F3A1A9B-D8D1-4F08-BB6D-E0DDF3A494D3}.Release|x64.Build.0 = Release|x64
		{1F3A1A9B-D8D1-4F08-BB6D-E0DDF3A494D3}.Release|x86.ActiveCfg = Release|Win32
		{1F3A1A9B-D8D1-4F08-BB6D-E0DDF3A494D3}.Release|x86.Build.0 = Release|Win32
		{2C9C3006-7449-420D-9D44-2B1A16981FF5}.Debug|x64.ActiveCfg = Debug|x64
		{2C9C3006-7449-420D-9D44-2B1A16981FF5}.Debug|x64.Build.0 = Debug|x64
		{2C9C3006-7449-420D-9D44-2B1A16981FF5}.Debug|x86.ActiveCfg = Debug|Win32
		{2C9C3006-7449-420D-9D44-2B1A16981FF5}.Debug|x86.Build.0 = Debug|Win32
		{2C9C3006-7449-420D-9D44-2B1A16981FF5}.Release|x64.ActiveCfg = Release|x64
		{2C9C3006-7449-420D-9D44-2B1A16981FF5}.Release|x64.Build.0 = Release|x64
		{2C9C3006-7449-420D-9D44-2B1A16981FF5}.Release|x86.ActiveCfg = Release|Win32
		{2C9C3006-7449-420D-9D44-2B1A16981FF5}.Release|x86.Build.0 = Release|Win32
		{66F6ECFA-030D-4AC2-BB11-827791AE0B41}.Debug|x64.ActiveCfg = Debug|x64
		{66F6ECFA-030D-4AC2-BB11-827791AE0B41}.Debug|x64.Build.0 = Debug|x64
		{66F6ECFA-030D-4AC2-BB11-827791AE0B41}.Debug|x86.ActiveCfg = Debug|Win32
		{66F6ECFA-030D-4AC2-BB11-827791AE0B41}.Debug|x86.Build.0 = Debug|Win32
		{66F6ECFA-030D-4AC2-BB11-827791AE0B41}.Release|x64.ActiveCfg = Release|x64
		{66F6ECFA-030D-4AC2-BB11-827791AE0B41}.Release|x64.Build.0 = Release|x64
		{66F6ECFA-030D-4AC2-BB11-827791AE0B41}.Release|x86.ActiveCfg = Release|Win32
		{66F6ECFA-030D-4AC2-BB11-827791AE0B41}.Release|x86.Build.0 = Release|Win32
		{FF27026D-6AAB-4CD3-871D-DE3F9D870CFC}.Debug|x64.ActiveCfg = Debug|x64
		{FF27026D-6AAB-4CD3-871D-DE3F9D870CFC}.Debug|x64.Build.0 = Debug|x64
		{FF27026D-6AAB-4CD3-871D-DE3F9D870CFC}.Debug|x86.ActiveCfg = Debug|Win32
		{FF27026D-6AAB-4CD3-871D-DE3F9D870CFC}.Debug|x86.Build.0 = Debug|Win32
		{FF27026D-6AAB-4CD3-871D-DE3F9D870CFC}.Release|x64.ActiveCfg = Release|x64
		{FF27026D-6AAB-4CD3-871D-DE3F9D870CFC}.Release|x64.Build.0 = Release|x64
		{FF27026D-6AAB-4CD3-871D-DE3F9D870CFC}.Release|x86.ActiveCfg = Release|Win32
		{FF27026D-6AAB-4CD3-871D-DE3F9D870CFC}.Release|x86.Build.0 = Release|Win32
		{B867AE97-F4AD-4079-9F07-E4B3FFC8604F}.Debug|x64.ActiveCfg = Debug|x64
		{B867AE97-F4AD-4079-9F07-E4B3FFC8604F}.Debug|x64.Build.0 = Debug|x64
		{B867AE97-F4AD-4079-9F07-E4B3FFC8604F}.Debug|x86.ActiveCfg = Debug|Win32
		{B867AE97-F4AD-4079-9F07-E4B3FFC8604F}.Debug|x86.Build.0 = Debug|Win32
		{B867AE97-F4AD-4079-9F07-E4B3FFC8604F}.Release|x64.ActiveCfg = Release|x64
		{B867AE97-F4AD-4079-9F07-E4B3FFC8604F}.Release|x64.Build.0 = Release|x64
		{B867AE97-F4AD-4079-9F07-E4B3FFC8604F}.Release|x86.ActiveCfg = Release|Win32
		{B867AE97-F4AD-4079-9F07-E4B3FFC8604F}.Release|x86.Build.0 = Release|Win32
		{D9A5FDF9-9C09-402E-9EBD-3C869509D69E}.Debug|x64.ActiveCfg = Debug|x64
		{D9A5FDF9-9C09-402E-9EBD-3C869509D69E}.Debug|x64.Build.0 = Debug|x64
		{D9A5FDF9-9C09-402E-9EBD-3C869509D69E}.Debug|x86.ActiveCfg = Debug|Win32
		{D9A5FDF9-9C09-402E-9EBD-3C869509D69E}.Debug|x86.Build.0 = Debug|Win32
		{D9A5FDF9-9C09-402E-9EBD-3C869509D69E}.Release|x64.ActiveCfg = Release|x64
		{D9A5FDF9-9C09-402E-9EBD-3C869509D69E}.Release|x64.Build.0 = Release|x64
		{D9A5FDF9-9C09-402E-9EBD-3C869509D69E}.Release|x86.ActiveCfg = Release|Win32
		{D9A5FDF9-9C09-402E-9EBD-3C869509D69E}.Release|x86.Build.0 = Release|Win32
		{007B6F65-EA77-42DA-8D11-643A28BB2E4C}.Debug|x64.ActiveCfg = Debug|x64
		{007B6F65-EA77-42DA-8D11-643A28BB2E4C}.Debug|x64.Build.0 = Debug|x64
		{007B6F65-EA77-42DA-8D11-643A28BB2E4C}.Debug|x86.ActiveCfg = Debug|Win32
		{007B6F65-EA77-42DA-8D11-643A28BB2E4C}.Debug|x86.Build.0 = Debug|Win32
		{007B6F65-EA77-42DA-8D11-643A28BB2E4C}.Release|x64.ActiveCfg = Release|x64
		{007B6F65-EA77-42DA-8D11-643A28BB2E4C}.Release|x64.Build.0 = Release|x64
		{007B6F65-EA77-42DA-8D11-643A28BB2E4C}.Release|x86.ActiveCfg = Release|Win32
		{007B6F65-EA77-42DA-8D11-643A28BB2E4C}.Release|x86.Build.0 = Release|Win32
		{F4E00391-22C8-4A5D-8388-A52C9F7C6A9B}.Debug|x64.ActiveCfg = Debug|x64
		{F4E00391-22C8-4A5D-8388-A52C9F7C6A9B}.Debug|x64.Build.0 = Debug|x64
		{F4E00391-22C8-4A5D-8388-A52C9F7C6A9B}.Debug|x86.ActiveCfg = Debug|Win32
		{F4E00391-22C8-4A5D-8388-A52C9F7C6A9B}.Debug|x86.Build.0 = Debug|Win32
		{F4E00391-22C8-4A5D-8388-A52C9F7C6A9B}.Release|x64.ActiveCfg = Release|x64
		{F4E00391-22C8-4A5D-8388-A52C9F7C6A9B}.Release|x64.Build.0 = Release|x64
		{F4E00391-22C8-4A5D-8388-A52C9F7C6A9B}.Release|x86.ActiveCfg = Release|Win32
		{F4E00391-22C8-4A5D-8388-A52C9F7C6A9B}.Release|x86.Build.0 = Release|Win32
		{520F2719-BCB4-4EE3-BD8A-9D229396BB15}.Debug|x64.ActiveCfg = Debug|x64
		{520F2719-BCB4-4EE3-BD8A-9D229396BB15}.Debug|x64.Build.0 = Debug|x64
		{520F2719-BCB4-4EE3-BD8A-9D229396BB15}.Debug|x86.ActiveCfg = Debug|Win32
		{520F2719-BCB4-4EE3-BD8A-9D229396BB15}.Debug|x86.Build.0 = Debug|Win32
		{520F2719-BCB4-4EE3-BD8A-9D229396BB15}.Release|x64.ActiveCfg = Release|x64
		{520F2719-BCB4-4EE3-BD8A-9D229396BB15}.Release|x64.Build.0 = Release|x64
		{520F2719-BCB4-4EE3-BD8A-9D229396BB15}.Release|x86.ActiveCfg = Release|Win32
		{520F2719-BCB4-4EE3-BD8A-9D229396BB15}.Release|x86.Build.0 = Release|Win32
		{CD0D90B1-3613-438E-954D-BF761ACF12E0}.Debug|x64.ActiveCfg = Debug|x64
		{CD0D90B1-3613-438E-954D-BF761ACF12E0}.Debug|x64.Build.0 = Debug|x64
		{CD0D90B1-3613-438E-954D-BF761ACF12E0}.Debug|x86.ActiveCfg = Debug|Win32
		{CD0D90B1-3613-438E-954D-BF761ACF12E0}.Debug|x86.Build.0 = Debug|Win32
		{CD0D90B1-3613-438E-954D-BF761ACF12E0}.Release|x64.ActiveCfg = Release|x64
		{CD0D90B1-3613-438E-954D-BF761ACF12E0}.Release|x64.Build.0 = Release|x64
		{CD0D90B1-3613-438E-954D-BF761ACF12E0}.Release|x86.ActiveCfg = Release|Win32
		{CD0D90B1-3613-438E-954D-BF761ACF12E0}.Release|x86.Build.0 = Release|Win32
		{D83B0E25-EBEF-4D3F-AB6E-BE4A152407F2}.Debug|x64.ActiveCfg = Debug|x64
		{D83B0E25-EBEF-4D3F-AB6E-BE4A152407F2}.Debug|x64.Build.0 = Debug|x64
		{D83B0E25-EBEF-4D3F-AB6E-BE4A152407F2}.Debug|x86.ActiveCfg = Debug|Win32
		{D83B0E25-EBEF-4D3F-AB6E-BE4A152407F2}.Debug|x86.Build.0 = Debug|Win32
		{D83B0E25-EBEF-4D3F-AB6E-BE4A152407F2}.Release|x64.ActiveCfg = Release|x64
		{D83B0E25-EBEF-4D3F-AB6E-BE4A152407F2}.Release|x64.Build.0 = Release|x64
		{D83B0E25-EBEF-4D3F-AB6E-BE4A152407F2}.Release|x86.ActiveCfg = Release|Win32
		{D83B0E25-EBEF-4D3F-AB6E-BE4A152407F2}.Release|x86.Build.0 = Release|Win32
		{8AA657A0-719C-4405-96A1-0C0F62C9B1B1}.Debug|x64.ActiveCfg = Debug|x64
		{8AA657A0-719C-4405-96A1-0C0F62C9B1B1}.Debug|x64.Build.0 = Debug|x64
		{8AA657A0-719C-4405-96A1-0C0F62C9B1B1}.Debug|x86.ActiveCfg = Debug|Win32
		{8AA657A0-719C-4405-96A1-0C0F62C9B1B1}.Debug|x86.Build.0 = Debug|Win32
		{8AA657A0-719C-4405-96A1-0C0F62C9B1B1}.Release|x64.ActiveCfg = Release|x64
		{8AA657A0-719C-4405-96A1-0C0F62C9B1B1}.Release|x64.Build.0 = Release|x64
		{8AA657A0-719C-4405-96A1-0C0F62C9B1B1}.Release|x86.ActiveCfg = Release|Win32
		{8AA657A0-719C-4405-96A1-0C0F62C9B1B1}.Release|x86.Build.0 = Release|Win32
		{B2E388E4-1424-434D-A908-6615EBD563EB}.Debug|x64.ActiveCfg = Debug|x64
		{B2E388E4-1424-434D-A908-6615EBD563EB}.Debug|x64.Build.0 = Debug|x64
		{B2E388E4-1424-434D-A908-6615EBD563EB}.Debug|x86.ActiveCfg = Debug|Win32
		{B2E388E4-1424-434D-A908-6615EBD563EB}.Debug|x86.Build.0 = Debug|Win32
		{B2E388E4-1424-434D-A908-6615EBD563EB}.Release|x64.ActiveCfg = Release|x64
		{B2E388E4-1424-434D-A908-6615EBD563EB}.Release|x64.Build.0 = Release|x64
		{B2E388E4-1424-434D-A908-6615EBD563EB}.Release|x86.ActiveCfg = Release|Win32
		{B2E388E4-1424-434D-A908-6615EBD563EB}.Release|x86.Build.0 = Release|Win32
		{42777EFD-50A5-462C-9C66-D7526B557155}.Debug|x64.ActiveCfg = Debug|x64
		{42777EFD-50A5-462C-9C66-D7526B557155}.Debug|x64.Build.0 = Debug|x64
		{42777EFD-50A5-462C-9C66-D7526B557155}.Debug|x86.ActiveCfg = Debug|Win32
		{42777EFD-50A5-462C-9C66-D7526B557155}.Debug|x86.Build.0 = Debug|Win32
		{42777EFD-50A5-462C-9C66-D7526B557155}.Release|x64.ActiveCfg = Release|x64
		{42777EFD-50A5-462C-9C66-D7526B557155}.Release|x64.Build.0 = Release|x64
		{42777EFD-50A5-462C-9C66-D7526B557155}.Release|x86.ActiveCfg = Release|Win32
		{42777EFD-50A5-462C-9C66-D7526B557155}.Release|x86.Build.0 = Release|Win32
		{E5211B18-F558-42FD-A115-F2B03D0C5CFD}.Debug|x64.ActiveCfg = Debug|x64
		{E5211B18-F558-42FD-A115-F2B03D0C5CFD}.Debug|x64.Build.0 = Debug|x64
		{E5211B18-F558-42FD-A115-F2B03D0C5CFD}.Debug|x86.ActiveCfg = Debug|Win32
		{E5211B18-F558-42FD-A115-F2B03D0C5CFD}.Debug|x86.Build.0 = Debug|Win32
		{E5211B18-F558-42FD-A115-F2B03D0C5CFD}.Release|x64.ActiveCfg = Release|x64
		{E5211B18-F558-42FD-A115-F2B03D0C5CFD}.Release|x64.Build.0 = Release|x64
		{E5211B18-F558-42FD-A115-F2B03D0C5CFD}.Release|x86.ActiveCfg = Release|Win32
		{E5211B18-F558-42FD-A115-F2B03D0C5CFD}.Release|x86.Build.0 = Release|Win32
		{B7747D6E-8FE1-442E-84EE-B7FF0A4489AF}.Debug|x64.ActiveCfg = Debug|x64
		{B7747D6E-8FE1-442E-84EE-B7FF0A4489AF}.Debug|x64.Build.0 = Debug|x64
		{B7747D6E-8FE1-442E-84EE-B7FF0A4489AF}.Debug|x86.ActiveCfg = Debug|Win32
		{B7747D6E-8FE1-442E-84EE-B7FF0A4489AF}.Debug|x86.Build.0 = Debug|Win32
		{B7747D6E-8FE1-442E-84EE-B7FF0A4489AF}.Release|x64.ActiveCfg = Release|x64
		{B7747D6E-8FE1-442E-84EE-B7FF0A4489AF}.Release|x64.Build.0 = Release|x64
		{B7747D6E-8FE1-442E-84EE-B7FF0A4489AF}.Release|x86.ActiveCfg = Release|Win32
		{B7747D6E-8FE1-442E-84EE-B7FF0A4489AF}.Release|x86.Build.0 = Release|Win32
		{1F324851-7715-47DD-B939-70B27E26786E}.Debug|x64.ActiveCfg = Debug|x64
		{1F324851-7715-47DD-B939-70B27E26786E}.Debug|x64.Build.0 = Debug|x64
		{1F324851-7715-47DD-B939-70B27E26786E}.Debug|x86.ActiveCfg = Debug|Win32
		{1F324851-7715-47DD-B939-70B27E26786E}.Debug|x86.Build.0 = Debug|Win32
		{1F324851-7715-47DD-B939-70B27E26786E}.Release|x64.ActiveCfg = Release|x64
		{1F324851-7715-47DD-B939-70B27E26786E}.Release|x64.Build.0 = Release|x64
		{1F324851-7715-47DD-B939-70B27E26786E}.Release|x86.ActiveCfg = Release|Win32
		{1F324851-7715-47DD-B939-70B27E26786E}.Release|x86.Build.0 = Release|Win32
		{4433E67F-DE4D-4D56-88F8-8A4D244C3BA1}.Debug|x64.ActiveCfg = Debug|x64
		{4433E67F-DE4D-4D56-88F8-8A4D244C3BA1}.Debug|x64.Build.0 = Debug|x64
		{4433E67F-DE4D-4D56-88F8-8A4D244C3BA1}.Debug|x86.ActiveCfg = Debug|Win32
		{4433E67F-DE4D-4D56-88F8-8A4D244C3BA1}.Debug|x86.Build.0 = Debug|Win32
		{4433E67F-DE4D-4D56-88F8-8A4D244C3BA1}.Release|x64.ActiveCfg = Release|x64
		{4433E67F-DE4D-4D56-88F8-8A4D244C3BA1}.Release|x64.Build.0 = Release|x64
		{4433E67F-DE4D-4D56-88F8-8A4D244C3BA1}.Release|x86.ActiveCfg = Release|Win32
		{4433E67F-DE4D-4D56-88F8-8A4D244C3BA1}.Release|x86.Build.0 = Release|Win32
		{27B3E0F1-6D6E-4F7B-AE1C-7049A816B7AD}.Debug|x64.ActiveCfg = Debug|x64
		{27B3E0F1-6D6E-4F7B-AE1C-7049A816B7AD}.Debug|x64.Build.0 = Debug|x64
		{27B3E0F1-6D6E-4F7B-AE1C-7049A816B7AD}.Debug|x86.ActiveCfg = Debug|Win32
		{27B3E0F1-6D6E-4F7B-AE1C-7049A816B7AD}.Debug|x86.Build.0 = Debug|Win32
		{27B3E0F1-6D6E-4F7B-AE1C-7049A816B7AD}.Release|x64.ActiveCfg = Release|x64
		{27B3E0F1-6D6E-4F7B-AE1C-7049A816B7AD}.Release|x64.Build.0 = Release|x64
		{27B3E0F1-6D6E-4F7B-AE1C-7049A816B7AD}.Release|x86.ActiveCfg = Release|Win32
		{27B3E0F1-6D6E-4F7B-AE1C-7049A816B7AD}.Release|x86.Build.0 = Release|Win32
		{F3EF1374-9A9D-4EC8-96B6-6019CBBF1C9A}.Debug|x64.ActiveCfg = Debug|x64
		{F3EF1374-9A9D-4EC8-96B6-6019CBBF1C9A}.Debug|x64.Build.0 = Debug|x64
		{F3EF1374-9A9D-4EC8-96B6-6019CBBF1C9A}.Debug|x86.ActiveCfg = Debug|Win32
		{F3EF1374-9A9D-4EC8-96B6-6019CBBF1C9A}.Debug|x86.Build.0 = Debug|Win32
		{F3EF1374-9A9D-4EC8-96B6-6019CBBF1C9A}.Release|x64.ActiveCfg = Release|x64
		{F3EF1374-9A9D-4EC8-96B6-6019CBBF1C9A}.Release|x64.Build.0 = Release|x64
		{F3EF1374-9A9D-4EC8-96B6-6019CBBF1C9A}.Release|x86.ActiveCfg = Release|Win32
		{F3EF1374-9A9D-4EC8-96B6-6019CBBF1C9A}.Release|x86.Build.0 = Release|Win32
		{9F127302-FD0B-4467-BFAC-56921B45515D}.Debug|x64.ActiveCfg = Debug|x64
		{9F127302-FD0B-4467-BFAC-56921B45515D}.Debug|x64.Build.0 = Debug|x64
		{9F127302-FD0B-4467-BFAC-56921B45515D}.Debug|x86.ActiveCfg = Debug|Win32
		{9F127302-FD0B-4467-BFAC-56921B45515D}.Debug|x86.Build.0 = Debug|Win32
		{9F127302-FD0B-4467-BFAC-56921B45515D}.Release|x64.ActiveCfg = Release|x64
		{9F127302-FD0B-4467-BFAC-56921B45515D}.Release|x64.Build.0 = Release|x64
		{9F127302-FD0B-4467-BFAC-56921B45515D}.Release|x86.ActiveCfg = Release|Win32
		{9F127302-FD0B-4467-BFAC-56921B45515D}.Release|x86.Build.0 = Release|Win32
		{209888E7-FD15-4F60-A55A-1E541FD0D0DB}.Debug|x64.ActiveCfg = Debug|x64
		{209888E7-FD15-4F60-A55A-1E541FD0D0DB}.Debug|x64.Build.0 = Debug|x64
		{209888E7-FD15-4F60-A55A-1E541FD0D0DB}.Debug|x86.ActiveCfg = Debug|Win32
		{209888E7-FD15-4F60-A55A-1E541FD0D0DB}.Debug|x86.Build.0 = Debug|Win32
		{209888E7-FD15-4F60-A55A-1E541FD0D0DB}.Release|x64.ActiveCfg = Release|x64
		{209888E7-FD15-4F60-A55A-1E541FD0D0DB}.Release|x64.Build.0 = Release|x64
		{209888E7-FD15-4F60-A55A-1E541FD0D0DB}.Release|x86.ActiveCfg = Release|Win32
		{209888E7-FD15-4F60-A55A-1E541FD0D0DB}.Release|x86.Build.0 = Release|Win32
		{78E86B38-84FB-411C-8689-658148DA002E}.Debug|x64.ActiveCfg = Debug|x64
		{78E86B38-84FB-411C-8689-658148DA002E}.Debug|x64.Build.0 = Debug|x64
		{78E86B38-84FB-411C-8689-658148DA002E}.Debug|x86.ActiveCfg = Debug|Win32
		{78E86B38-84FB-411C-8689-658148DA002E}.Debug|x86.Build.0 = Debug|Win32
		{78E86B38-84FB-411C-8689-658148DA002E}.Release|x64.ActiveCfg = Release|x64
		{78E86B38-84FB-411C-8689-658148DA002E}.Release|x64.Build.0 = Release|x64
		{78E86B38-84FB-411C-8689-658148DA002E}.Release|x86.ActiveCfg = Release|Win32
		{78E86B38-84FB-411C-8689-658148DA002E}.Release|x86.Build.0 = Release|Win32
		{2D7B5886-1C8C-4E69-87D1-F46AD164D065}.Debug|x64.ActiveCfg = Debug|x64
		{2D7B5886-1C8C-4E69-87D1-F46AD164D065}.Debug|x64.Build.0 = Debug|x64
		{2D7B5886-1C8C-4E69-87D1-F46AD164D065}.Debug|x86.ActiveCfg = Debug|Win32
		{2D7B5886-1C8C-4E69-87D1-F46AD164D065}.Debug|x86.Build.0 = Debug|Win32
		{2D7B5886-1C8C-4E69-87D1-F46AD164D065}.Release|x64.ActiveCfg = Release|x64
		{2D7B5886-1C8C-4E69-87D1-F46AD164D065}.Release|x64.Build.0 = Release|x64
		{2D7B5886-1C8C-4E69-87D1-F46AD164D065}.Release|x86.ActiveCfg = Release|Win32
		{2D7B5886-1C8C-4E69-87D1-F46AD164D065}.Release|x86.Build.0 = Release|Win32
		{1A9216D2-FCDD-40E8-B065-F2E3A1374445}.Debug|x64.ActiveCfg = Debug|x64
		{1A9216D2-FCDD-40E8-B065-F2E3A1374445}.Debug|x64.Build.0 = Debug|x64
		{1A9216D2-FCDD-40E8-B065-F2E3A1374445}.Debug|x86.ActiveCfg = Debug|Win32
		{1A9216D2-FCDD-40E8-B065-F2E3A1374445}.Debug|x86.Build.0 = Debug|Win32
		{1A9216D2-FCDD-40E8-B065-F2E3A1374445}.Release|x64.ActiveCfg = Release|x64
		{1A9216D2-FCDD-40E8-B065-F2E3A1374445}.Release|x64.Build.0 = Release|x64
		{1A9216D2-FCDD-40E8-B065-F2E3A1374445}.Release|x86.ActiveCfg = Release|Win32
		{1A9216D2-FCDD-40E8-B065-F2E3A1374445}.Release|x86.Build.0 = Release|Win32
		{72E08D56-1DAC-486D-A8E5-F31BB3969594}.Debug|x64.ActiveCfg = Debug|x64
		{72E08D56-1DAC-486D-A8E5-F31BB3969594}.Debug|x64.Build.0 = Debug|x64
		{72E08D56-1DAC-486D-A8E5-F31BB3969594}.Debug|x86.ActiveCfg = Debug|Win32
		{72E08D56-1DAC-486D-A8E5-F31BB3969594}.Debug|x86.Build.0 = Debug|Win32
		{72E08D56-1DAC-486D-A8E5-F31BB3969594}.Release|x64.ActiveCfg = Release|x64
		{72E08D56-1DAC-486D-A8E5-F31BB3969594}.Release|x64.Build.0 = Release|x64
		{72E08D56-1DAC-486D-A8E5-F31BB3969594}.Release|x86.ActiveCfg = Release|Win32
		{72E08D56-1DAC-486D-A8E5-F31BB3969594}.Release|x86.Build.0 = Release|Win32
		{9A409AD0-6820-4913-AF6C-EF1C868B3381}.Debug|x64.ActiveCfg = Debug|x64
		{9A409AD0-6820-4913-AF6C-EF1C868B3381}.Debug|x64.Build.0 = Debug|x64
		{9A409AD0-6820-4913-AF6C-EF1C868B3381}.Debug|x86.ActiveCfg = Debug|Win32
		{9A409AD0-6820-4913-AF6C-EF1C868B3381}.Debug|x86.Build.0 = Debug|Win32
		{9A409AD0-6820-4913-AF6C-EF1C868B3381}.Release|x64.ActiveCfg = Release|x64
		{9A409AD0-6820-4913-AF6C-EF1C868B3381}.Release|x64.Build.0 = Release|x64
		{9A409AD0-6820-4913-AF6C-EF1C868B3381}.Release|x86.ActiveCfg = Release|Win32
		{9A409AD0-6820-4913-AF6C-EF1C868B3381}.Release|x86.Build.0 = Release|Win32
		{DCFD2ACA-59E6-49CA-A6CF-614D0089B7BB}.Debug|x64.ActiveCfg = Debug|x64
		{DCFD2ACA-59E6-49CA-A6CF-614D0089B7BB}.Debug|x64.Build.0 = Debug|x64
		{DCFD2ACA-59E6-49CA-A6CF-614D0089B7BB}.Debug|x86.ActiveCfg = Debug|Win32
		{DCFD2ACA-59E6-49CA-A6CF-614D0089B7BB}.Debug|x86.Build.0 = Debug|Win32
		{DCFD2ACA-59E6-49CA-A6CF-614D0089B7BB}.Release|x64.ActiveCfg = Release|x64
		{DCFD2ACA-59E6-49CA-A6CF-614D0089B7BB}.Release|x64.Build.0 = Release|x64
		{DCFD2ACA-59E6-49CA-A6CF-614D0089B7BB}.Release|x86.ActiveCfg = Release|Win32
		{DCFD2ACA-59E6-49CA-A6CF-614D0089B7BB}.Release|x86.Build.0 = Release|Win32
		{9BB8523C-14DA-4A8D-BE7D-D716EC643B8D}.Debug|x64.ActiveCfg = Debug|x64
		{9BB8523C-14DA-4A8D-BE7D-D716EC643B8D}.Debug|x64.Build.0 = Debug|x64
		{9BB8523C-14DA-4A8D-BE7D-D716EC643B8D}.Debug|x86.ActiveCfg = Debug|Win32
		{9BB8523C-14DA-4A8D-BE7D-D716EC643B8D}.Debug|x86.Build.0 = Debug|Win32
		{9BB8523C-14DA-4A8D-BE7D-D716EC643B8D}.Release|x64.ActiveCfg = Release|x64
		{9BB8523C-14DA-4A8D-BE7D-D716EC643B8D}.Release|x64.Build.0 = Release|x64
		{9BB8523C-14DA-4A8D-BE7D-D716EC643B8D}.Release|x86.ActiveCfg = Release|Win32
		{9BB8523C-14DA-4A8D-BE7D-D716EC643B8D}.Release|x86.Build.0 = Release|Win32
		{BDEE8C1C-3BCC-43AD-AF39-85CC63D736F2}.Debug|x64.ActiveCfg = Debug|x64
		{BDEE8C1C-3BCC-43AD-AF39-85CC63D736F2}.Debug|x64.Build.0 = Debug|x64
		{BDEE8C1C-3BCC-43AD-AF39-85CC63D736F2}.Debug|x86.ActiveCfg = Debug|Win32
		{BDEE8C1C-3BCC-43AD-AF39-85CC63D736F2}.Debug|x86.Build.0 = Debug|Win32
		{BDEE8C1C-3BCC-43AD-AF39-85CC63D736F2}.Release|x64.ActiveCfg = Release|x64
		{BDEE8C1C-3BCC-43AD-AF39-85CC63D736F2}.Release|x64.Build.0 = Release|x64
		{BDEE8C1C-3BCC-43AD-AF39-85CC63D736F2}.Release|x86.ActiveCfg = Release|Win32
		{BDEE8C1C-3BCC-43AD-AF39-85CC63D736F2}.Release|x86.Build.0 = Release|Win32
		{39191DE1-1DBB-448D-9C80-60086BCC5FE7}.Debug|x64.ActiveCfg = Debug|x64
		{39191DE1-1DBB-448D-9C80-60086BCC5FE7}.Debug|x64.Build.0 = Debug|x64
		{39191DE1-1DBB-448D-9C80-60086BCC5FE7}.Debug|x86.ActiveCfg = Debug|Win32
		{39191DE1-1DBB-448D-9C80-60086BCC5FE7}.Debug|x86.Build.0 = Debug|Win32
		{39191DE1-1DBB-448D-9C80-60086BCC5FE7}.Release|x64.ActiveCfg = Release|x64
		{39191DE1-1DBB-448D-9C80-60086BCC5FE7}.Release|x64.Build.0 = Release|x64
		{39191DE1-1DBB-448D-9C80-60086BCC5FE7}.Release|x86.ActiveCfg = Release|Win32
		{39191DE1-1DBB-448D-9C80-60086BCC5FE7}.Release|x86.Build.0 = Release|Win32
		{01CFE053-3D17-42C6-9761-839028003FAD}.Debug|x64.ActiveCfg = Debug|x64
		{01CFE053-3D17-42C6-9761-839028003FAD}.Debug|x64.Build.0 = Debug|x64
		{01CFE053-3D17-42C6-9761-839028003FAD}.Debug|x86.ActiveCfg = Debug|Win32
		{01CFE053-3D17-42C6-9761-839028003FAD}.Debug|x86.Build.0 = Debug|Win32
		{01CFE053-3D17-42C6-9761-839028003FAD}.Release|x64.ActiveCfg = Release|x64
		{01CFE053-3D17-42C6-9761-839028003FAD}.Release|x64.Build.0 = Release|x64
		{01CFE053-3D17-42C6-9761-839028003FAD}.Release|x86.ActiveCfg = Release|Win32
		{01CFE053-3D17-42C6-9761-839028003FAD}.Release|x86.Build.0 = Release|Win32
		{26933EFD-2C0E-4031-BDD3-67C1C4EDBFDC}.Debug|x64.ActiveCfg = Debug|x64
		{26933EFD-2C0E-4031-BDD3-67C1C4EDBFDC}.Debug|x64.Build.0 = Debug|x64
		{26933EFD-2C0E-4031-BDD3-67C1C4EDBFDC}.Debug|x86.ActiveCfg = Debug|Win32
		{26933EFD-2C0E-4031-BDD3-67C1C4EDBFDC}.Debug|x86.Build.0 = Debug|Win32
		{26933EFD-2C0E-4031-BDD3-67C1C4EDBFDC}.Release|x64.ActiveCfg = Release|x64
		{26933EFD-2C0E-4031-BDD3-67C1C4EDBFDC}.Release|x64.Build.0 = Release|x64
		{26933EFD-2C0E-4031-BDD3-67C1C4EDBFDC}.Release|x86.ActiveCfg = Release|Win32
		{26933EFD-2C0E-4031-BDD3-67C1C4EDBFDC}.Release|x86.Build.0 = Release|Win32
		{419A578D-0AEE-4E06-99C0-6A2DF4FCF2F7}.Debug|x64.ActiveCfg = Debug|x64
		{419A578D-0AEE-4E06-99C0-6A2DF4FCF2F7}.Debug|x64.Build.0 = Debug|x64
		{419A578D-0AEE-4E06-99C0-6A2DF4FCF2F7}.Debug|x86.ActiveCfg = Debug|Win32
		{419A578D-0AEE-4E06-99C0-6A2DF4FCF2F7}.Debug|x86.Build.0 = Debug|Win32
		{419A578D-0AEE-4E06-99C0-6A2DF4FCF2F7}.Release|x64.ActiveCfg = Release|x64
		{419A578D-0AEE-4E06-99C0-6A2DF4FCF2F7}.Release|x64.Build.0 = Release|x64
		{419A578D-0AEE-4E06-99C0-6A2DF4FCF2F7}.Release|x86.ActiveCfg = Release|Win32
		{419A578D-0AEE-4E06-99C0-6A2DF4FCF2F7}.Release|x86.Build.0 = Release|Win32
		{DEF9BD5E-EB29-4DB1-92F3-007024036C89}.Debug|x64.ActiveCfg = Debug|x64
		{DEF9BD5E-EB29-4DB1-92F3-007024036C89}.Debug|x64.Build.0 = Debug|x64
		{DEF9BD5E-EB29-4DB1-92F3-007024036C89}.Debug|x86.ActiveCfg = Debug|Win32
		{DEF9BD5E-EB29-4DB1-92F3-007024036C89}.Debug|x86.Build.0 = Debug|Win32
		{DEF9BD5E-EB29-4DB1-92F3-007024036C89}.Release|x64.ActiveCfg = Release|x64
		{DEF9BD5E-EB29-4DB1-92F3-007024036C89}.Release|x64.Build.0 = Release|x64
		{DEF9BD5E-EB29-4DB1-92F3-007024036C89}.Release|x86.ActiveCfg = Release|Win32
		{DEF9BD5E-EB29-4DB1-92F3-007024036C89}.Release|x86.Build.0 = Release|Win32
		{ED8809E8-18D8-46B3-A9F3-374081C17B0C}.Debug|x64.ActiveCfg = Debug|x64
		{ED8809E8-18D8-46B3-A9F3-374081C17B0C}.Debug|x64.Build.0 = Debug|x64
		{ED8809E8-18D8-46B3-A9F3-374081C17B0C}.Debug|x86.ActiveCfg = Debug|Win32
		{ED8809E8-18D8-46B3-A9F3-374081C17B0C}.Debug|x86.Build.0 = Debug|Win32
		{ED8809E8-18D8-46B3-A9F3-374081C17B0C}.Release|x64.ActiveCfg = Release|x64
		{ED8809E8-18D8-46B3-A9F3-374081C17B0C}.Release|x64.Build.0 = Release|x64
		{ED8809E8-18D8-46B3-A9F3-374081C17B0C}.Release|x86.ActiveCfg = Release|Win32
		{ED8809E8-18D8-46B3-A9F3-374081C17B0C}.Release|x86.Build.0 = Release|Win32
		{35020AC0-46D9-4A83-9D5F-322E8102C8E5}.Debug|x64.ActiveCfg = Debug|x64
		{35020AC0-46D9-4A83-9D5F-322E8102C8E5}.Debug|x64.Build.0 = Debug|x64
		{35020AC0-46D9-4A83-9D5F-322E8102C8E5}.Debug|x86.ActiveCfg = Debug|Win32
		{35020AC0-46D9-4A83-9D5F-322E8102C8E5}.Debug|x86.Build.0 = Debug|Win32
		{35020AC0-46D9-4A83-9D5F-322E8102C8E5}.Release|x64.ActiveCfg = Release|x64
		{35020AC0-46D9-4A83-9D5F-322E8102C8E5}.Release|x64.Build.0 = Release|x64
		{35020AC0-46D9-4A83-9D5F-322E8102C8E5}.Release|x86.ActiveCfg = Release|Win32
		{35020AC0-46D9-4A83-9D5F-322E8102C8E5}.Release|x86.Build.0 = Release|Win32
		{D5D965DB-F368-46C1-810E-D189A5084F96}.Debug|x64.ActiveCfg = Debug|x64
		{D5D965DB-F368-46C1-810E-D189A5084F96}.Debug|x64.Build.0 = Debug|x64
		{D5D965DB-F368-46C1-810E-D189A5084F96}.Debug|x86.ActiveCfg = Debug|Win32
		{D5D965DB-F368-46C1-810E-D189A5084F96}.Debug|x86.Build.0 = Debug|Win32
		{D5D965DB-F368-46C1-810E-D189A5084F96}.Release|x64.ActiveCfg = Release|x64
		{D5D965DB-F368-46C1-810E-D189A5084F96}.Release|x64.Build.0 = Release|x64
		{D5D965DB-F368-46C1-810E-D189A5084F96}.Release|x86.ActiveCfg = Release|Win32
		{D5D965DB-F368-46C1-810E-D189A5084F96}.Release|x86.Build.0 = Release|Win32
		{25F66D07-6A29-4E49-9BDD-8C8A7507E262}.Debug|x64.ActiveCfg = Debug|x64
		{25F66D07-6A29-4E49-9BDD-8C8A7507E262}.Debug|x64.Build.0 = Debug|x64
		{25F66D07-6A29-4E49-9BDD-8C8A7507E262}.Debug|x86.ActiveCfg = Debug|Win32
		{25F66D07-6A29-4E49-9BDD-8C8A7507E262}.Debug|x86.Build.0 = Debug|Win32
		{25F66D07-6A29-4E49-9BDD-8C8A7507E262}.Release|x64.ActiveCfg = Release|x64
		{25F66D07-6A29-4E49-9BDD-8C8A7507E262}.Release|x64.Build.0 = Release|x64
		{25F66D07-6A29-4E49-9BDD-8C8A7507E262}.Release|x86.ActiveCfg = Release|Win32
		{25F66D07-6A29-4E49-9BDD-8C8A7507E262}.Release|x86.Build.0 = Release|Win32
		{E0771B41-8A72-45ED-BAC6-38076DEC0F3B}.Debug|x64.ActiveCfg = Debug|x64
		{E0771B41-8A72-45ED-BAC6-38076DEC0F3B}.Debug|x64.Build.0 = Debug|x64
		{E0771B41-8A72-45ED-BAC6-38076DEC0F3B}.Debug|x86.ActiveCfg = Debug|Win32
		{E0771B41-8A72-45ED-BAC6-38076DEC0F3B}.Debug|x86.Build.0 = Debug|Win32
		{E0771B41-8A72-45ED-BAC6-38076DEC0F3B}.Release|x64.ActiveCfg = Release|x64
		{E0771B41-8A72-45ED-BAC6-38076DEC0F3B}.Release|x64.Build.0 = Release|x64
		{E0771B41-8A72-45ED-BAC6-38076DEC0F3B}.Release|x86.ActiveCfg = Release|Win32
		{E0771B41-8A72-45ED-BAC6-38076DEC0F3B}.Release|x86.Build.0 = Release|Win32
		{772F5104-0405-4D5E-BD2E-55ADCEFB41F1}.Debug|x64.ActiveCfg = Debug|x64
		{772F5104-0405-4D5E-BD2E-55ADCEFB41F1}.Debug|x64.Build.0 = Debug|x64
		{772F5104-0405-4D5E-BD2E-55ADCEFB41F1}.Debug|x86.ActiveCfg = Debug|Win32
		{772F5104-0405-4D5E-BD2E-55ADCEFB41F1}.Debug|x86.Build.0 = Debug|Win32
		{772F5104-0405-4D5E-BD2E-55ADCEFB41F1}.Release|x64.ActiveCfg = Release|x64
		{772F5104-0405-4D5E-BD2E-55ADCEFB41F1}.Release|x64.Build.0 = Release|x64
		{772F5104-0405-4D5E-BD2E-55ADCEFB41F1}.Release|x86.ActiveCfg = Release|Win32
		{772F5104-0405-4D5E-BD2E-55ADCEFB41F1}.Release|x86.Build.0 = Release|Win32
		{254BF207-1BE0-438B-8988-A123E1266B09}.Debug|x64.ActiveCfg = Debug|x64
		{254BF207-1BE0-438B-8988-A123E1266B09}.Debug|x64.Build.0 = Debug|x64
		{254BF207-1BE0-438B-8988-A123E1266B09}.Debug|x86.ActiveCfg = Debug|Win32
		{254BF207-1BE0-438B-8988-A123E1266B09}.Debug|x86.Build.0 = Debug|Win32
		{254BF207-1BE0-438B-8988-A123E1266B09}.Release|x64.ActiveCfg = Release|x64
		{254BF207-1BE0-438B-8988-A123E1266B09}.Release|x64.Build.0 = Release|x64
		{254BF207-1BE0-438B-8988-A123E1266B09}.Release|x86.ActiveCfg = Release|Win32
		{254BF207-1BE0-438B-8988-A123E1266B09}.Release|x86.Build.0 = Release|Win32
		{62D773FA-C973-4DE3-BE72-AC863D96408A}.Debug|x64.ActiveCfg = Debug|x64
		{62D773FA-C973-4DE3-BE72-AC863D96408A}.Debug|x64.Build.0 = Debug|x64
		{62D773FA-C973-4DE3-BE72-AC863D96408A}.Debug|x86.ActiveCfg = Debug|Win32
		{62D773FA-C973-4DE3-BE72-AC863D96408A}.Debug|x86.Build.0 = Debug|Win32
		{62D773FA-C973-4DE3-BE72-AC863D96408A}.Release|x64.ActiveCfg = Release|x64
		{62D773FA-C973-4DE3-BE72-AC863D96408A}.Release|x64.Build.0 = Release|x64
		{62D773FA-C973-4DE3-BE72-AC863D96408A}.Release|x86.ActiveCfg = Release|Win32
		{62D773FA-C973-4DE3-BE72-AC863D96408A}.Release|x86.Build.0 = Release|Win32
		{36D7B4CF-E540-4CD0-9544-75F96D320C67}.Debug|x64.ActiveCfg = Debug|x64
		{36D7B4CF-E540-4CD0-9544-75F96D320C67}.Debug|x64.Build.0 = Debug|x64
		{36D7B4CF-E540-4CD0-9544-75F96D320C67}.Debug|x86.ActiveCfg = Debug|Win32
		{36D7B4CF-E540-4CD0-9544-75F96D320C67}.Debug|x86.Build.0 = Debug|Win32
		{36D7B4CF-E540-4CD0-9544-75F96D320C67}.Release|x64.ActiveCfg = Release|x64
		{36D7B4CF-E540-4CD0-9544-75F96D320C67}.Release|x64.Build.0 = Release|x64
		{36D7B4CF-E540-4CD0-9544-75F96D320C67}.Release|x86.ActiveCfg = Release|Win32
		{36D7B4CF-E540-4CD0-9544-75F96D320C67}.Release|x86.Build.0 = Release|Win32
		{196166D4-9625-4B55-BE6D-5EF30211A01A}.Debug|x64.ActiveCfg = Debug|x64
		{196166D4-9625-4B55-BE6D-5EF30211A01A}.Debug|x64.Build.0 = Debug|x64
		{196166D4-9625-4B55-BE6D-5EF30211A01A}.Debug|x86.ActiveCfg = Debug|Win32
		{196166D4-9625-4B55-BE6D-5EF30211A01A}.Debug|x86.Build.0 = Debug|Win32
		{196166D4-9625-4B55-BE6D-5EF30211A01A}.Release|x64.ActiveCfg = Release|x64
		{196166D4-9625-4B55-BE6D-5EF30211A01A}.Release|x64.Build.0 = Release|x64
		{196166D4-9625-4B55-BE6D-5EF30211A01A}.Release|x86.ActiveCfg = Release|Win32
		{196166D4-9625-4B55-BE6D-5EF30211A01A}.Release|x86.Build.0 = Release|Win32
		{10923514-431C-4A8B-B67B-7713AC01AED0}.Debug|x64.ActiveCfg = Debug|x64
		{10923514-431C-4A8B-B67B-7713AC01AED0}.Debug|x64.Build.0 = Debug|x64
		{10923514-431C-4A8B-B67B-7713AC01AED0}.Debug|x86.ActiveCfg = Debug|Win32
		{10923514-431C-4A8B-B67B-7713AC01AED0}.Debug|x86.Build.0 = Debug|Win32
		{10923514-431C-4A8B-B67B-7713AC01AED0}.Release|x64.ActiveCfg = Release|x64
		{10923514-431C-4A8B-B67B-7713AC01AED0}.Release|x64.Build.0 = Release|x64
		{10923514-431C-4A8B-B67B-7713AC01AED0}.Release|x86.ActiveCfg = Release|Win32
		{10923514-431C-4A8B-B67B-7713AC01AED0}.Release|x86.Build.0 = Release|Win32
		{4D3CFD53-DD57-4774-9636-8D33CED1B841}.Debug|x64.ActiveCfg = Debug|x64
		{4D3CFD53-DD57-4774-9636-8D33CED1B841}.Debug|x64.Build.0 = Debug|x64
		{4D3CFD53-DD57-4774-9636-8D33CED1B841}.Debug|x86.ActiveCfg = Debug|Win32
		{4D3CFD53-DD57-4774-9636-8D33CED1B841}.Debug|x86.Build.0 = Debug|Win32
		{4D3CFD53-DD57-4774-9636-8D33CED1B841}.Release|x64.ActiveCfg = Release|x64
		{4D3CFD53-DD57-4774-9636-8D33CED1B841}.Release|x64.Build.0 = Release|x64
		{4D3CFD53-DD57-4774-9636-8D33CED1B841}.Release|x86.ActiveCfg = Release|Win32
		{4D3CFD53-DD57-4774-9636-8D33CED1B841}.Release|x86.Build.0 = Release|Win32
		{401A0D2C-7643-49CF-A789-12222BA5E9DB}.Debug|x64.ActiveCfg = Debug|x64
		{401A0D2C-7643-49CF-A789-12222BA5E9DB}.Debug|x64.Build.0 = Debug|x64
		{401A0D2C-7643-49CF-A789-12222BA5E9DB}.Debug|x86.ActiveCfg = Debug|Win32
		{401A0D2C-7643-49CF-A789-12222BA5E9DB}.Debug|x86.Build.0 = Debug|Win32
		{401A0D2C-7643-49CF-A789-12222BA5E9DB}.Release|x64.ActiveCfg = Release|x64
		{401A0D2C-7643-49CF-A789-12222BA5E9DB}.Release|x64.Build.0 = Release|x64
		{401A0D2C-7643-49CF-A789-12222BA5E9DB}.Release|x86.ActiveCfg = Release|Win32
		{401A0D2C-7643-49CF-A789-12222BA5E9DB}.Release|x86.Build.0 = Release|Win32
		{C67124F5-924D-4B81-AF97-CC124E586BFE}.Debug|x64.ActiveCfg = Debug|x64
		{C67124F5-924D-4B81-AF97-CC124E586BFE}.Debug|x64.Build.0 = Debug|x64
		{C67124F5-924D-4B81-AF97-CC124E586BFE}.Debug|x86.ActiveCfg = Debug|Win32
		{C67124F5-924D-4B81-AF97-CC124E586BFE}.Debug|x86.Build.0 = Debug|Win32
		{C67124F5-924D-4B81-AF97-CC124E586BFE}.Release|x64.ActiveCfg = Release|x64
		{C67124F5-924D-4B81-AF97-CC124E586BFE}.Release|x64.Build.0 = Release|x64
		{C67124F5-924D-4B81-AF97-CC124E586BFE}.Release|x86.ActiveCfg = Release|Win32
		{C67124F5-924D-4B81-AF97-CC124E586BFE}.Release|x86.Build.0 = Release|Win32
	EndGlobalSection
	GlobalSection(SolutionProperties) = preSolution
		HideSolutionNode = FALSE
	EndGlobalSection
	GlobalSection(ExtensibilityGlobals) = postSolution
		SolutionGuid = {CB7AC607-C183-4694-96D1-C810C53885C4}
	EndGlobalSection
EndGlobal
