
Microsoft Visual Studio Solution File, Format Version 12.00
# Visual Studio Version 17
VisualStudioVersion = 17.6.33815.320
MinimumVisualStudioVersion = 10.0.40219.1
Project("{8BC9CEB8-8B4A-11D0-8D11-00A0C91BC942}") = "Big_Project_C", "Big_Project_C\Big_Project_C.vcxproj", "{9FFE7607-785A-43D8-9EFD-9E23B852AAA8}"
EndProject
Project("{8BC9CEB8-8B4A-11D0-8D11-00A0C91BC942}") = "002_include", "002_include\002_include.vcxproj", "{EF25F473-4DB1-424F-9387-CAC2FF16D98D}"
EndProject
Project("{8BC9CEB8-8B4A-11D0-8D11-00A0C91BC942}") = "003_Escape", "003_Escape\003_Escape.vcxproj", "{392EE107-911B-46CB-ADF8-E55A85339585}"
EndProject
Project("{8BC9CEB8-8B4A-11D0-8D11-00A0C91BC942}") = "004_data_type", "004_data_type\004_data_type.vcxproj", "{C507146D-863A-42ED-904B-5F9BA48224D6}"
EndProject
Project("{8BC9CEB8-8B4A-11D0-8D11-00A0C91BC942}") = "005_variabl", "005_variabl\005_variabl.vcxproj", "{3C6200D3-F669-413B-A947-4FD0E74299B2}"
EndProject
Project("{8BC9CEB8-8B4A-11D0-8D11-00A0C91BC942}") = "006_const", "006_const\006_const.vcxproj", "{63810BDB-7C48-4C71-AE77-306E8791ECAF}"
EndProject
Project("{8BC9CEB8-8B4A-11D0-8D11-00A0C91BC942}") = "007_cin_cout", "007_cin_cout\007_cin_cout.vcxproj", "{FD2B448E-90D7-4D53-8CF9-D1C137E20239}"
EndProject
Project("{8BC9CEB8-8B4A-11D0-8D11-00A0C91BC942}") = "008_Operators", "008_Operators\008_Operators.vcxproj", "{1448E635-26FE-43B1-BEA8-8F01B54D77C8}"
EndProject
Project("{8BC9CEB8-8B4A-11D0-8D11-00A0C91BC942}") = "009_inc_decr", "009_inc_decr\009_inc_decr.vcxproj", "{A228320A-42E6-421A-9B35-89D2674C042F}"
EndProject
Project("{8BC9CEB8-8B4A-11D0-8D11-00A0C91BC942}") = "011_bool", "011_bool\011_bool.vcxproj", "{685F7C22-CBD7-449F-996E-7900B03A09C6}"
EndProject
Project("{8BC9CEB8-8B4A-11D0-8D11-00A0C91BC942}") = "012_if_else", "012_if_else\012_if_else.vcxproj", "{25CBBBF1-A6BF-496B-91FD-DD6834AFF5BC}"
EndProject
Project("{8BC9CEB8-8B4A-11D0-8D11-00A0C91BC942}") = "013_switch", "013_switch\013_switch.vcxproj", "{6202B1DA-EBB6-47C7-B54D-B39994C83FB5}"
EndProject
Project("{8BC9CEB8-8B4A-11D0-8D11-00A0C91BC942}") = "014_while", "014_while\014_while.vcxproj", "{8A7C5BE7-D17D-41FE-BB1F-B570087E7255}"
EndProject
Project("{8BC9CEB8-8B4A-11D0-8D11-00A0C91BC942}") = "015_for", "015_for\015_for.vcxproj", "{66BD49CA-EA33-4973-82B5-06D8A0AF3B45}"
EndProject
Project("{8BC9CEB8-8B4A-11D0-8D11-00A0C91BC942}") = "024_for_for", "024_for_for\024_for_for.vcxproj", "{2E63BC5E-95A0-4815-B514-9100088FBE8A}"
EndProject
Project("{8BC9CEB8-8B4A-11D0-8D11-00A0C91BC942}") = "025-027_Array", "025-027_Array\025-027_Array.vcxproj", "{19AADD3C-5068-42DC-82CC-0E1C01EFCE34}"
EndProject
Project("{8BC9CEB8-8B4A-11D0-8D11-00A0C91BC942}") = "028_sizeof", "028_sizeof\028_sizeof.vcxproj", "{021B0F89-645B-433B-90D9-A9AEE78976D2}"
EndProject
Project("{8BC9CEB8-8B4A-11D0-8D11-00A0C91BC942}") = "029_rand_srand", "029_rand_srand\029_rand_srand.vcxproj", "{85E9D982-E7B8-4E1A-8BCF-8A6C4DB584BB}"
EndProject
Global
	GlobalSection(SolutionConfigurationPlatforms) = preSolution
		Debug|x64 = Debug|x64
		Debug|x86 = Debug|x86
		Release|x64 = Release|x64
		Release|x86 = Release|x86
	EndGlobalSection
	GlobalSection(ProjectConfigurationPlatforms) = postSolution
		{9FFE7607-785A-43D8-9EFD-9E23B852AAA8}.Debug|x64.ActiveCfg = Debug|x64
		{9FFE7607-785A-43D8-9EFD-9E23B852AAA8}.Debug|x64.Build.0 = Debug|x64
		{9FFE7607-785A-43D8-9EFD-9E23B852AAA8}.Debug|x86.ActiveCfg = Debug|Win32
		{9FFE7607-785A-43D8-9EFD-9E23B852AAA8}.Debug|x86.Build.0 = Debug|Win32
		{9FFE7607-785A-43D8-9EFD-9E23B852AAA8}.Release|x64.ActiveCfg = Release|x64
		{9FFE7607-785A-43D8-9EFD-9E23B852AAA8}.Release|x64.Build.0 = Release|x64
		{9FFE7607-785A-43D8-9EFD-9E23B852AAA8}.Release|x86.ActiveCfg = Release|Win32
		{9FFE7607-785A-43D8-9EFD-9E23B852AAA8}.Release|x86.Build.0 = Release|Win32
		{EF25F473-4DB1-424F-9387-CAC2FF16D98D}.Debug|x64.ActiveCfg = Debug|x64
		{EF25F473-4DB1-424F-9387-CAC2FF16D98D}.Debug|x64.Build.0 = Debug|x64
		{EF25F473-4DB1-424F-9387-CAC2FF16D98D}.Debug|x86.ActiveCfg = Debug|Win32
		{EF25F473-4DB1-424F-9387-CAC2FF16D98D}.Debug|x86.Build.0 = Debug|Win32
		{EF25F473-4DB1-424F-9387-CAC2FF16D98D}.Release|x64.ActiveCfg = Release|x64
		{EF25F473-4DB1-424F-9387-CAC2FF16D98D}.Release|x64.Build.0 = Release|x64
		{EF25F473-4DB1-424F-9387-CAC2FF16D98D}.Release|x86.ActiveCfg = Release|Win32
		{EF25F473-4DB1-424F-9387-CAC2FF16D98D}.Release|x86.Build.0 = Release|Win32
		{392EE107-911B-46CB-ADF8-E55A85339585}.Debug|x64.ActiveCfg = Debug|x64
		{392EE107-911B-46CB-ADF8-E55A85339585}.Debug|x64.Build.0 = Debug|x64
		{392EE107-911B-46CB-ADF8-E55A85339585}.Debug|x86.ActiveCfg = Debug|Win32
		{392EE107-911B-46CB-ADF8-E55A85339585}.Debug|x86.Build.0 = Debug|Win32
		{392EE107-911B-46CB-ADF8-E55A85339585}.Release|x64.ActiveCfg = Release|x64
		{392EE107-911B-46CB-ADF8-E55A85339585}.Release|x64.Build.0 = Release|x64
		{392EE107-911B-46CB-ADF8-E55A85339585}.Release|x86.ActiveCfg = Release|Win32
		{392EE107-911B-46CB-ADF8-E55A85339585}.Release|x86.Build.0 = Release|Win32
		{C507146D-863A-42ED-904B-5F9BA48224D6}.Debug|x64.ActiveCfg = Debug|x64
		{C507146D-863A-42ED-904B-5F9BA48224D6}.Debug|x64.Build.0 = Debug|x64
		{C507146D-863A-42ED-904B-5F9BA48224D6}.Debug|x86.ActiveCfg = Debug|Win32
		{C507146D-863A-42ED-904B-5F9BA48224D6}.Debug|x86.Build.0 = Debug|Win32
		{C507146D-863A-42ED-904B-5F9BA48224D6}.Release|x64.ActiveCfg = Release|x64
		{C507146D-863A-42ED-904B-5F9BA48224D6}.Release|x64.Build.0 = Release|x64
		{C507146D-863A-42ED-904B-5F9BA48224D6}.Release|x86.ActiveCfg = Release|Win32
		{C507146D-863A-42ED-904B-5F9BA48224D6}.Release|x86.Build.0 = Release|Win32
		{3C6200D3-F669-413B-A947-4FD0E74299B2}.Debug|x64.ActiveCfg = Debug|x64
		{3C6200D3-F669-413B-A947-4FD0E74299B2}.Debug|x64.Build.0 = Debug|x64
		{3C6200D3-F669-413B-A947-4FD0E74299B2}.Debug|x86.ActiveCfg = Debug|Win32
		{3C6200D3-F669-413B-A947-4FD0E74299B2}.Debug|x86.Build.0 = Debug|Win32
		{3C6200D3-F669-413B-A947-4FD0E74299B2}.Release|x64.ActiveCfg = Release|x64
		{3C6200D3-F669-413B-A947-4FD0E74299B2}.Release|x64.Build.0 = Release|x64
		{3C6200D3-F669-413B-A947-4FD0E74299B2}.Release|x86.ActiveCfg = Release|Win32
		{3C6200D3-F669-413B-A947-4FD0E74299B2}.Release|x86.Build.0 = Release|Win32
		{63810BDB-7C48-4C71-AE77-306E8791ECAF}.Debug|x64.ActiveCfg = Debug|x64
		{63810BDB-7C48-4C71-AE77-306E8791ECAF}.Debug|x64.Build.0 = Debug|x64
		{63810BDB-7C48-4C71-AE77-306E8791ECAF}.Debug|x86.ActiveCfg = Debug|Win32
		{63810BDB-7C48-4C71-AE77-306E8791ECAF}.Debug|x86.Build.0 = Debug|Win32
		{63810BDB-7C48-4C71-AE77-306E8791ECAF}.Release|x64.ActiveCfg = Release|x64
		{63810BDB-7C48-4C71-AE77-306E8791ECAF}.Release|x64.Build.0 = Release|x64
		{63810BDB-7C48-4C71-AE77-306E8791ECAF}.Release|x86.ActiveCfg = Release|Win32
		{63810BDB-7C48-4C71-AE77-306E8791ECAF}.Release|x86.Build.0 = Release|Win32
		{FD2B448E-90D7-4D53-8CF9-D1C137E20239}.Debug|x64.ActiveCfg = Debug|x64
		{FD2B448E-90D7-4D53-8CF9-D1C137E20239}.Debug|x64.Build.0 = Debug|x64
		{FD2B448E-90D7-4D53-8CF9-D1C137E20239}.Debug|x86.ActiveCfg = Debug|Win32
		{FD2B448E-90D7-4D53-8CF9-D1C137E20239}.Debug|x86.Build.0 = Debug|Win32
		{FD2B448E-90D7-4D53-8CF9-D1C137E20239}.Release|x64.ActiveCfg = Release|x64
		{FD2B448E-90D7-4D53-8CF9-D1C137E20239}.Release|x64.Build.0 = Release|x64
		{FD2B448E-90D7-4D53-8CF9-D1C137E20239}.Release|x86.ActiveCfg = Release|Win32
		{FD2B448E-90D7-4D53-8CF9-D1C137E20239}.Release|x86.Build.0 = Release|Win32
		{1448E635-26FE-43B1-BEA8-8F01B54D77C8}.Debug|x64.ActiveCfg = Debug|x64
		{1448E635-26FE-43B1-BEA8-8F01B54D77C8}.Debug|x64.Build.0 = Debug|x64
		{1448E635-26FE-43B1-BEA8-8F01B54D77C8}.Debug|x86.ActiveCfg = Debug|Win32
		{1448E635-26FE-43B1-BEA8-8F01B54D77C8}.Debug|x86.Build.0 = Debug|Win32
		{1448E635-26FE-43B1-BEA8-8F01B54D77C8}.Release|x64.ActiveCfg = Release|x64
		{1448E635-26FE-43B1-BEA8-8F01B54D77C8}.Release|x64.Build.0 = Release|x64
		{1448E635-26FE-43B1-BEA8-8F01B54D77C8}.Release|x86.ActiveCfg = Release|Win32
		{1448E635-26FE-43B1-BEA8-8F01B54D77C8}.Release|x86.Build.0 = Release|Win32
		{A228320A-42E6-421A-9B35-89D2674C042F}.Debug|x64.ActiveCfg = Debug|x64
		{A228320A-42E6-421A-9B35-89D2674C042F}.Debug|x64.Build.0 = Debug|x64
		{A228320A-42E6-421A-9B35-89D2674C042F}.Debug|x86.ActiveCfg = Debug|Win32
		{A228320A-42E6-421A-9B35-89D2674C042F}.Debug|x86.Build.0 = Debug|Win32
		{A228320A-42E6-421A-9B35-89D2674C042F}.Release|x64.ActiveCfg = Release|x64
		{A228320A-42E6-421A-9B35-89D2674C042F}.Release|x64.Build.0 = Release|x64
		{A228320A-42E6-421A-9B35-89D2674C042F}.Release|x86.ActiveCfg = Release|Win32
		{A228320A-42E6-421A-9B35-89D2674C042F}.Release|x86.Build.0 = Release|Win32
		{685F7C22-CBD7-449F-996E-7900B03A09C6}.Debug|x64.ActiveCfg = Debug|x64
		{685F7C22-CBD7-449F-996E-7900B03A09C6}.Debug|x64.Build.0 = Debug|x64
		{685F7C22-CBD7-449F-996E-7900B03A09C6}.Debug|x86.ActiveCfg = Debug|Win32
		{685F7C22-CBD7-449F-996E-7900B03A09C6}.Debug|x86.Build.0 = Debug|Win32
		{685F7C22-CBD7-449F-996E-7900B03A09C6}.Release|x64.ActiveCfg = Release|x64
		{685F7C22-CBD7-449F-996E-7900B03A09C6}.Release|x64.Build.0 = Release|x64
		{685F7C22-CBD7-449F-996E-7900B03A09C6}.Release|x86.ActiveCfg = Release|Win32
		{685F7C22-CBD7-449F-996E-7900B03A09C6}.Release|x86.Build.0 = Release|Win32
		{25CBBBF1-A6BF-496B-91FD-DD6834AFF5BC}.Debug|x64.ActiveCfg = Debug|x64
		{25CBBBF1-A6BF-496B-91FD-DD6834AFF5BC}.Debug|x64.Build.0 = Debug|x64
		{25CBBBF1-A6BF-496B-91FD-DD6834AFF5BC}.Debug|x86.ActiveCfg = Debug|Win32
		{25CBBBF1-A6BF-496B-91FD-DD6834AFF5BC}.Debug|x86.Build.0 = Debug|Win32
		{25CBBBF1-A6BF-496B-91FD-DD6834AFF5BC}.Release|x64.ActiveCfg = Release|x64
		{25CBBBF1-A6BF-496B-91FD-DD6834AFF5BC}.Release|x64.Build.0 = Release|x64
		{25CBBBF1-A6BF-496B-91FD-DD6834AFF5BC}.Release|x86.ActiveCfg = Release|Win32
		{25CBBBF1-A6BF-496B-91FD-DD6834AFF5BC}.Release|x86.Build.0 = Release|Win32
		{6202B1DA-EBB6-47C7-B54D-B39994C83FB5}.Debug|x64.ActiveCfg = Debug|x64
		{6202B1DA-EBB6-47C7-B54D-B39994C83FB5}.Debug|x64.Build.0 = Debug|x64
		{6202B1DA-EBB6-47C7-B54D-B39994C83FB5}.Debug|x86.ActiveCfg = Debug|Win32
		{6202B1DA-EBB6-47C7-B54D-B39994C83FB5}.Debug|x86.Build.0 = Debug|Win32
		{6202B1DA-EBB6-47C7-B54D-B39994C83FB5}.Release|x64.ActiveCfg = Release|x64
		{6202B1DA-EBB6-47C7-B54D-B39994C83FB5}.Release|x64.Build.0 = Release|x64
		{6202B1DA-EBB6-47C7-B54D-B39994C83FB5}.Release|x86.ActiveCfg = Release|Win32
		{6202B1DA-EBB6-47C7-B54D-B39994C83FB5}.Release|x86.Build.0 = Release|Win32
		{8A7C5BE7-D17D-41FE-BB1F-B570087E7255}.Debug|x64.ActiveCfg = Debug|x64
		{8A7C5BE7-D17D-41FE-BB1F-B570087E7255}.Debug|x64.Build.0 = Debug|x64
		{8A7C5BE7-D17D-41FE-BB1F-B570087E7255}.Debug|x86.ActiveCfg = Debug|Win32
		{8A7C5BE7-D17D-41FE-BB1F-B570087E7255}.Debug|x86.Build.0 = Debug|Win32
		{8A7C5BE7-D17D-41FE-BB1F-B570087E7255}.Release|x64.ActiveCfg = Release|x64
		{8A7C5BE7-D17D-41FE-BB1F-B570087E7255}.Release|x64.Build.0 = Release|x64
		{8A7C5BE7-D17D-41FE-BB1F-B570087E7255}.Release|x86.ActiveCfg = Release|Win32
		{8A7C5BE7-D17D-41FE-BB1F-B570087E7255}.Release|x86.Build.0 = Release|Win32
		{66BD49CA-EA33-4973-82B5-06D8A0AF3B45}.Debug|x64.ActiveCfg = Debug|x64
		{66BD49CA-EA33-4973-82B5-06D8A0AF3B45}.Debug|x64.Build.0 = Debug|x64
		{66BD49CA-EA33-4973-82B5-06D8A0AF3B45}.Debug|x86.ActiveCfg = Debug|Win32
		{66BD49CA-EA33-4973-82B5-06D8A0AF3B45}.Debug|x86.Build.0 = Debug|Win32
		{66BD49CA-EA33-4973-82B5-06D8A0AF3B45}.Release|x64.ActiveCfg = Release|x64
		{66BD49CA-EA33-4973-82B5-06D8A0AF3B45}.Release|x64.Build.0 = Release|x64
		{66BD49CA-EA33-4973-82B5-06D8A0AF3B45}.Release|x86.ActiveCfg = Release|Win32
		{66BD49CA-EA33-4973-82B5-06D8A0AF3B45}.Release|x86.Build.0 = Release|Win32
		{2E63BC5E-95A0-4815-B514-9100088FBE8A}.Debug|x64.ActiveCfg = Debug|x64
		{2E63BC5E-95A0-4815-B514-9100088FBE8A}.Debug|x64.Build.0 = Debug|x64
		{2E63BC5E-95A0-4815-B514-9100088FBE8A}.Debug|x86.ActiveCfg = Debug|Win32
		{2E63BC5E-95A0-4815-B514-9100088FBE8A}.Debug|x86.Build.0 = Debug|Win32
		{2E63BC5E-95A0-4815-B514-9100088FBE8A}.Release|x64.ActiveCfg = Release|x64
		{2E63BC5E-95A0-4815-B514-9100088FBE8A}.Release|x64.Build.0 = Release|x64
		{2E63BC5E-95A0-4815-B514-9100088FBE8A}.Release|x86.ActiveCfg = Release|Win32
		{2E63BC5E-95A0-4815-B514-9100088FBE8A}.Release|x86.Build.0 = Release|Win32
		{19AADD3C-5068-42DC-82CC-0E1C01EFCE34}.Debug|x64.ActiveCfg = Debug|x64
		{19AADD3C-5068-42DC-82CC-0E1C01EFCE34}.Debug|x64.Build.0 = Debug|x64
		{19AADD3C-5068-42DC-82CC-0E1C01EFCE34}.Debug|x86.ActiveCfg = Debug|Win32
		{19AADD3C-5068-42DC-82CC-0E1C01EFCE34}.Debug|x86.Build.0 = Debug|Win32
		{19AADD3C-5068-42DC-82CC-0E1C01EFCE34}.Release|x64.ActiveCfg = Release|x64
		{19AADD3C-5068-42DC-82CC-0E1C01EFCE34}.Release|x64.Build.0 = Release|x64
		{19AADD3C-5068-42DC-82CC-0E1C01EFCE34}.Release|x86.ActiveCfg = Release|Win32
		{19AADD3C-5068-42DC-82CC-0E1C01EFCE34}.Release|x86.Build.0 = Release|Win32
		{021B0F89-645B-433B-90D9-A9AEE78976D2}.Debug|x64.ActiveCfg = Debug|x64
		{021B0F89-645B-433B-90D9-A9AEE78976D2}.Debug|x64.Build.0 = Debug|x64
		{021B0F89-645B-433B-90D9-A9AEE78976D2}.Debug|x86.ActiveCfg = Debug|Win32
		{021B0F89-645B-433B-90D9-A9AEE78976D2}.Debug|x86.Build.0 = Debug|Win32
		{021B0F89-645B-433B-90D9-A9AEE78976D2}.Release|x64.ActiveCfg = Release|x64
		{021B0F89-645B-433B-90D9-A9AEE78976D2}.Release|x64.Build.0 = Release|x64
		{021B0F89-645B-433B-90D9-A9AEE78976D2}.Release|x86.ActiveCfg = Release|Win32
		{021B0F89-645B-433B-90D9-A9AEE78976D2}.Release|x86.Build.0 = Release|Win32
		{85E9D982-E7B8-4E1A-8BCF-8A6C4DB584BB}.Debug|x64.ActiveCfg = Debug|x64
		{85E9D982-E7B8-4E1A-8BCF-8A6C4DB584BB}.Debug|x64.Build.0 = Debug|x64
		{85E9D982-E7B8-4E1A-8BCF-8A6C4DB584BB}.Debug|x86.ActiveCfg = Debug|Win32
		{85E9D982-E7B8-4E1A-8BCF-8A6C4DB584BB}.Debug|x86.Build.0 = Debug|Win32
		{85E9D982-E7B8-4E1A-8BCF-8A6C4DB584BB}.Release|x64.ActiveCfg = Release|x64
		{85E9D982-E7B8-4E1A-8BCF-8A6C4DB584BB}.Release|x64.Build.0 = Release|x64
		{85E9D982-E7B8-4E1A-8BCF-8A6C4DB584BB}.Release|x86.ActiveCfg = Release|Win32
		{85E9D982-E7B8-4E1A-8BCF-8A6C4DB584BB}.Release|x86.Build.0 = Release|Win32
	EndGlobalSection
	GlobalSection(SolutionProperties) = preSolution
		HideSolutionNode = FALSE
	EndGlobalSection
	GlobalSection(ExtensibilityGlobals) = postSolution
		SolutionGuid = {CB7AC607-C183-4694-96D1-C810C53885C4}
	EndGlobalSection
EndGlobal
